
Microsoft Visual Studio Solution File, Format Version 12.00
# Visual Studio 15
VisualStudioVersion = 15.0.27004.2002
MinimumVisualStudioVersion = 10.0.40219.1
Project("{9A19103F-16F7-4668-BE54-9A1E7A4F7556}") = "osu.Game", "osu.Game\osu.Game.csproj", "{2A66DD92-ADB1-4994-89E2-C94E04ACDA0D}"
EndProject
Project("{9A19103F-16F7-4668-BE54-9A1E7A4F7556}") = "osu.Game.Rulesets.Osu", "osu.Game.Rulesets.Osu\osu.Game.Rulesets.Osu.csproj", "{C92A607B-1FDD-4954-9F92-03FF547D9080}"
EndProject
Project("{9A19103F-16F7-4668-BE54-9A1E7A4F7556}") = "osu.Game.Rulesets.Catch", "osu.Game.Rulesets.Catch\osu.Game.Rulesets.Catch.csproj", "{58F6C80C-1253-4A0E-A465-B8C85EBEADF3}"
EndProject
Project("{9A19103F-16F7-4668-BE54-9A1E7A4F7556}") = "osu.Game.Rulesets.Taiko", "osu.Game.Rulesets.Taiko\osu.Game.Rulesets.Taiko.csproj", "{F167E17A-7DE6-4AF5-B920-A5112296C695}"
EndProject
Project("{9A19103F-16F7-4668-BE54-9A1E7A4F7556}") = "osu.Game.Rulesets.Mania", "osu.Game.Rulesets.Mania\osu.Game.Rulesets.Mania.csproj", "{48F4582B-7687-4621-9CBE-5C24197CB536}"
EndProject
Project("{9A19103F-16F7-4668-BE54-9A1E7A4F7556}") = "osu.Desktop", "osu.Desktop\osu.Desktop.csproj", "{419659FD-72EA-4678-9EB8-B22A746CED70}"
EndProject
Project("{9A19103F-16F7-4668-BE54-9A1E7A4F7556}") = "osu.Game.Tests", "osu.Game.Tests\osu.Game.Tests.csproj", "{28F040EA-536D-442B-B0CA-004075182EB6}"
EndProject
Project("{9A19103F-16F7-4668-BE54-9A1E7A4F7556}") = "osu.Game.Rulesets.Catch.Tests", "osu.Game.Rulesets.Catch.Tests\osu.Game.Rulesets.Catch.Tests.csproj", "{608C7588-9CAE-4443-A431-96FC9DE72A25}"
EndProject
Project("{9A19103F-16F7-4668-BE54-9A1E7A4F7556}") = "osu.Game.Rulesets.Mania.Tests", "osu.Game.Rulesets.Mania.Tests\osu.Game.Rulesets.Mania.Tests.csproj", "{BE8F48E4-7EEE-4C13-B8ED-7705BD9EE443}"
EndProject
Project("{9A19103F-16F7-4668-BE54-9A1E7A4F7556}") = "osu.Game.Rulesets.Taiko.Tests", "osu.Game.Rulesets.Taiko.Tests\osu.Game.Rulesets.Taiko.Tests.csproj", "{4F0BF44A-7ECA-49A6-B0BB-B676657D9896}"
EndProject
Project("{9A19103F-16F7-4668-BE54-9A1E7A4F7556}") = "osu.Game.Rulesets.Osu.Tests", "osu.Game.Rulesets.Osu.Tests\osu.Game.Rulesets.Osu.Tests.csproj", "{DECCCC75-67AD-4C3D-BB84-FD0E01323511}"
EndProject
Project("{2150E333-8FDC-42A3-9474-1A3956D46DE8}") = "Rulesets", "Rulesets", "{6454B26E-49CE-4DBC-BA1C-42897F17FFE8}"
EndProject
Project("{2150E333-8FDC-42A3-9474-1A3956D46DE8}") = "Sym.Core", "Sym.Core", "{1934D691-4F8E-4273-89D5-7318863ECBA3}"
EndProject
Project("{2150E333-8FDC-42A3-9474-1A3956D46DE8}") = "osu-framework", "osu-framework", "{AF9C4BD3-1F3B-4DBB-8FFA-2A2FBBEA5836}"
EndProject
Project("{2150E333-8FDC-42A3-9474-1A3956D46DE8}") = "Tests", "Tests", "{9C164A25-E953-46D3-B3E9-CA8DC9D6557E}"
EndProject
Project("{9A19103F-16F7-4668-BE54-9A1E7A4F7556}") = "osu.Game.Rulesets.Vitaru", "osu.Game.Rulesets.Vitaru\osu.Game.Rulesets.Vitaru.csproj", "{F273FEFD-06BB-40DB-B8C5-D6918F11F4C9}"
EndProject
Project("{2150E333-8FDC-42A3-9474-1A3956D46DE8}") = "Sym.osu", "Sym.osu", "{6098377D-FCAE-4006-8ABC-51A1B581F474}"
EndProject
Project("{9A19103F-16F7-4668-BE54-9A1E7A4F7556}") = "osu.Core", "Sym.osu\osu.Core\osu.Core.csproj", "{0A9330A9-F19E-4E1B-A432-7598AB9556D3}"
EndProject
Project("{9A19103F-16F7-4668-BE54-9A1E7A4F7556}") = "osu.Mods.MapMixer", "Sym.osu\osu.Mods.MapMixer\osu.Mods.MapMixer.csproj", "{A184D2D1-5C5A-4382-9BEE-7580B14DAC62}"
EndProject
Project("{9A19103F-16F7-4668-BE54-9A1E7A4F7556}") = "osu.Mods.Evast", "Sym.osu\osu.Mods.Evast\osu.Mods.Evast.csproj", "{DDB3438A-8228-4A0D-AC28-68C82072D9AC}"
EndProject
Project("{9A19103F-16F7-4668-BE54-9A1E7A4F7556}") = "osu.Mods.Rulesets.Core", "Sym.osu\osu.Mods.Rulesets.Core\osu.Mods.Rulesets.Core.csproj", "{ED0991F2-1086-4EFD-A3EA-014CADFD00EF}"
EndProject
Project("{9A19103F-16F7-4668-BE54-9A1E7A4F7556}") = "osu.Mods.Online", "Sym.osu\osu.Mods.Online\osu.Mods.Online.csproj", "{E558180D-BB2A-4A9B-968E-A4F000F79E0F}"
EndProject
Project("{9A19103F-16F7-4668-BE54-9A1E7A4F7556}") = "osu.Framework", "..\osu-framework-sym\osu-framework\osu.Framework\osu.Framework.csproj", "{C76BF5B3-985E-4D39-95FE-97C9C879B83A}"
EndProject
Project("{9A19103F-16F7-4668-BE54-9A1E7A4F7556}") = "SampleGame", "..\osu-framework-sym\osu-framework\SampleGame\SampleGame.csproj", "{52453620-B161-4935-AFCF-85A8051310CC}"
EndProject
Project("{9A19103F-16F7-4668-BE54-9A1E7A4F7556}") = "osu.Framework.Tests", "..\osu-framework-sym\osu-framework\osu.Framework.Tests\osu.Framework.Tests.csproj", "{79803407-6F50-484F-93F5-641911EABD8A}"
EndProject
Project("{9A19103F-16F7-4668-BE54-9A1E7A4F7556}") = "SampleGame.Desktop", "..\osu-framework-sym\osu-framework\SampleGame.Desktop\SampleGame.Desktop.csproj", "{2AD6EA6F-CD5A-4348-86F1-5E228B11617D}"
EndProject
Project("{9A19103F-16F7-4668-BE54-9A1E7A4F7556}") = "osu.Framework.NativeLibs", "..\osu-framework-sym\osu-framework\osu.Framework.NativeLibs\osu.Framework.NativeLibs.csproj", "{F853B4BB-CB83-4169-8FD2-72EEB4A88C32}"
EndProject
Project("{9A19103F-16F7-4668-BE54-9A1E7A4F7556}") = "Sym.Base", "..\osu-framework-sym\Sym.Base\Sym.Base.csproj", "{EDCABD55-537A-4038-8EF9-08C1412A0E4F}"
EndProject
Project("{9A19103F-16F7-4668-BE54-9A1E7A4F7556}") = "Sym.Networking", "..\osu-framework-sym\Sym.Networking\Sym.Networking.csproj", "{A269954E-19D8-4631-898D-EB7B5541422A}"
EndProject
Global
	GlobalSection(SolutionConfigurationPlatforms) = preSolution
		Debug|Any CPU = Debug|Any CPU
		Debug|iPhone = Debug|iPhone
		Debug|iPhoneSimulator = Debug|iPhoneSimulator
		Release|Any CPU = Release|Any CPU
		Release|iPhone = Release|iPhone
		Release|iPhoneSimulator = Release|iPhoneSimulator
	EndGlobalSection
	GlobalSection(ProjectConfigurationPlatforms) = postSolution
		{2A66DD92-ADB1-4994-89E2-C94E04ACDA0D}.Debug|Any CPU.ActiveCfg = Debug|Any CPU
		{2A66DD92-ADB1-4994-89E2-C94E04ACDA0D}.Debug|Any CPU.Build.0 = Debug|Any CPU
		{2A66DD92-ADB1-4994-89E2-C94E04ACDA0D}.Debug|iPhone.ActiveCfg = Debug|Any CPU
		{2A66DD92-ADB1-4994-89E2-C94E04ACDA0D}.Debug|iPhone.Build.0 = Debug|Any CPU
		{2A66DD92-ADB1-4994-89E2-C94E04ACDA0D}.Debug|iPhoneSimulator.ActiveCfg = Debug|Any CPU
		{2A66DD92-ADB1-4994-89E2-C94E04ACDA0D}.Debug|iPhoneSimulator.Build.0 = Debug|Any CPU
		{2A66DD92-ADB1-4994-89E2-C94E04ACDA0D}.Release|Any CPU.ActiveCfg = Release|Any CPU
		{2A66DD92-ADB1-4994-89E2-C94E04ACDA0D}.Release|Any CPU.Build.0 = Release|Any CPU
		{2A66DD92-ADB1-4994-89E2-C94E04ACDA0D}.Release|iPhone.ActiveCfg = Release|Any CPU
		{2A66DD92-ADB1-4994-89E2-C94E04ACDA0D}.Release|iPhone.Build.0 = Release|Any CPU
		{2A66DD92-ADB1-4994-89E2-C94E04ACDA0D}.Release|iPhoneSimulator.ActiveCfg = Release|Any CPU
		{2A66DD92-ADB1-4994-89E2-C94E04ACDA0D}.Release|iPhoneSimulator.Build.0 = Release|Any CPU
		{C92A607B-1FDD-4954-9F92-03FF547D9080}.Debug|Any CPU.ActiveCfg = Debug|Any CPU
		{C92A607B-1FDD-4954-9F92-03FF547D9080}.Debug|Any CPU.Build.0 = Debug|Any CPU
		{C92A607B-1FDD-4954-9F92-03FF547D9080}.Debug|iPhone.ActiveCfg = Debug|Any CPU
		{C92A607B-1FDD-4954-9F92-03FF547D9080}.Debug|iPhone.Build.0 = Debug|Any CPU
		{C92A607B-1FDD-4954-9F92-03FF547D9080}.Debug|iPhoneSimulator.ActiveCfg = Debug|Any CPU
		{C92A607B-1FDD-4954-9F92-03FF547D9080}.Debug|iPhoneSimulator.Build.0 = Debug|Any CPU
		{C92A607B-1FDD-4954-9F92-03FF547D9080}.Release|Any CPU.ActiveCfg = Release|Any CPU
		{C92A607B-1FDD-4954-9F92-03FF547D9080}.Release|Any CPU.Build.0 = Release|Any CPU
		{C92A607B-1FDD-4954-9F92-03FF547D9080}.Release|iPhone.ActiveCfg = Release|Any CPU
		{C92A607B-1FDD-4954-9F92-03FF547D9080}.Release|iPhone.Build.0 = Release|Any CPU
		{C92A607B-1FDD-4954-9F92-03FF547D9080}.Release|iPhoneSimulator.ActiveCfg = Release|Any CPU
		{C92A607B-1FDD-4954-9F92-03FF547D9080}.Release|iPhoneSimulator.Build.0 = Release|Any CPU
		{58F6C80C-1253-4A0E-A465-B8C85EBEADF3}.Debug|Any CPU.ActiveCfg = Debug|Any CPU
		{58F6C80C-1253-4A0E-A465-B8C85EBEADF3}.Debug|Any CPU.Build.0 = Debug|Any CPU
		{58F6C80C-1253-4A0E-A465-B8C85EBEADF3}.Debug|iPhone.ActiveCfg = Debug|Any CPU
		{58F6C80C-1253-4A0E-A465-B8C85EBEADF3}.Debug|iPhone.Build.0 = Debug|Any CPU
		{58F6C80C-1253-4A0E-A465-B8C85EBEADF3}.Debug|iPhoneSimulator.ActiveCfg = Debug|Any CPU
		{58F6C80C-1253-4A0E-A465-B8C85EBEADF3}.Debug|iPhoneSimulator.Build.0 = Debug|Any CPU
		{58F6C80C-1253-4A0E-A465-B8C85EBEADF3}.Release|Any CPU.ActiveCfg = Release|Any CPU
		{58F6C80C-1253-4A0E-A465-B8C85EBEADF3}.Release|Any CPU.Build.0 = Release|Any CPU
		{58F6C80C-1253-4A0E-A465-B8C85EBEADF3}.Release|iPhone.ActiveCfg = Release|Any CPU
		{58F6C80C-1253-4A0E-A465-B8C85EBEADF3}.Release|iPhone.Build.0 = Release|Any CPU
		{58F6C80C-1253-4A0E-A465-B8C85EBEADF3}.Release|iPhoneSimulator.ActiveCfg = Release|Any CPU
		{58F6C80C-1253-4A0E-A465-B8C85EBEADF3}.Release|iPhoneSimulator.Build.0 = Release|Any CPU
		{F167E17A-7DE6-4AF5-B920-A5112296C695}.Debug|Any CPU.ActiveCfg = Debug|Any CPU
		{F167E17A-7DE6-4AF5-B920-A5112296C695}.Debug|Any CPU.Build.0 = Debug|Any CPU
		{F167E17A-7DE6-4AF5-B920-A5112296C695}.Debug|iPhone.ActiveCfg = Debug|Any CPU
		{F167E17A-7DE6-4AF5-B920-A5112296C695}.Debug|iPhone.Build.0 = Debug|Any CPU
		{F167E17A-7DE6-4AF5-B920-A5112296C695}.Debug|iPhoneSimulator.ActiveCfg = Debug|Any CPU
		{F167E17A-7DE6-4AF5-B920-A5112296C695}.Debug|iPhoneSimulator.Build.0 = Debug|Any CPU
		{F167E17A-7DE6-4AF5-B920-A5112296C695}.Release|Any CPU.ActiveCfg = Release|Any CPU
		{F167E17A-7DE6-4AF5-B920-A5112296C695}.Release|Any CPU.Build.0 = Release|Any CPU
		{F167E17A-7DE6-4AF5-B920-A5112296C695}.Release|iPhone.ActiveCfg = Release|Any CPU
		{F167E17A-7DE6-4AF5-B920-A5112296C695}.Release|iPhone.Build.0 = Release|Any CPU
		{F167E17A-7DE6-4AF5-B920-A5112296C695}.Release|iPhoneSimulator.ActiveCfg = Release|Any CPU
		{F167E17A-7DE6-4AF5-B920-A5112296C695}.Release|iPhoneSimulator.Build.0 = Release|Any CPU
		{48F4582B-7687-4621-9CBE-5C24197CB536}.Debug|Any CPU.ActiveCfg = Debug|Any CPU
		{48F4582B-7687-4621-9CBE-5C24197CB536}.Debug|Any CPU.Build.0 = Debug|Any CPU
		{48F4582B-7687-4621-9CBE-5C24197CB536}.Debug|iPhone.ActiveCfg = Debug|Any CPU
		{48F4582B-7687-4621-9CBE-5C24197CB536}.Debug|iPhone.Build.0 = Debug|Any CPU
		{48F4582B-7687-4621-9CBE-5C24197CB536}.Debug|iPhoneSimulator.ActiveCfg = Debug|Any CPU
		{48F4582B-7687-4621-9CBE-5C24197CB536}.Debug|iPhoneSimulator.Build.0 = Debug|Any CPU
		{48F4582B-7687-4621-9CBE-5C24197CB536}.Release|Any CPU.ActiveCfg = Release|Any CPU
		{48F4582B-7687-4621-9CBE-5C24197CB536}.Release|Any CPU.Build.0 = Release|Any CPU
		{48F4582B-7687-4621-9CBE-5C24197CB536}.Release|iPhone.ActiveCfg = Release|Any CPU
		{48F4582B-7687-4621-9CBE-5C24197CB536}.Release|iPhone.Build.0 = Release|Any CPU
		{48F4582B-7687-4621-9CBE-5C24197CB536}.Release|iPhoneSimulator.ActiveCfg = Release|Any CPU
		{48F4582B-7687-4621-9CBE-5C24197CB536}.Release|iPhoneSimulator.Build.0 = Release|Any CPU
		{419659FD-72EA-4678-9EB8-B22A746CED70}.Debug|Any CPU.ActiveCfg = Debug|Any CPU
		{419659FD-72EA-4678-9EB8-B22A746CED70}.Debug|Any CPU.Build.0 = Debug|Any CPU
		{419659FD-72EA-4678-9EB8-B22A746CED70}.Debug|iPhone.ActiveCfg = Debug|Any CPU
		{419659FD-72EA-4678-9EB8-B22A746CED70}.Debug|iPhone.Build.0 = Debug|Any CPU
		{419659FD-72EA-4678-9EB8-B22A746CED70}.Debug|iPhoneSimulator.ActiveCfg = Debug|Any CPU
		{419659FD-72EA-4678-9EB8-B22A746CED70}.Debug|iPhoneSimulator.Build.0 = Debug|Any CPU
		{419659FD-72EA-4678-9EB8-B22A746CED70}.Release|Any CPU.ActiveCfg = Release|Any CPU
		{419659FD-72EA-4678-9EB8-B22A746CED70}.Release|Any CPU.Build.0 = Release|Any CPU
		{419659FD-72EA-4678-9EB8-B22A746CED70}.Release|iPhone.ActiveCfg = Release|Any CPU
		{419659FD-72EA-4678-9EB8-B22A746CED70}.Release|iPhone.Build.0 = Release|Any CPU
		{419659FD-72EA-4678-9EB8-B22A746CED70}.Release|iPhoneSimulator.ActiveCfg = Release|Any CPU
		{419659FD-72EA-4678-9EB8-B22A746CED70}.Release|iPhoneSimulator.Build.0 = Release|Any CPU
		{28F040EA-536D-442B-B0CA-004075182EB6}.Debug|Any CPU.ActiveCfg = Debug|Any CPU
		{28F040EA-536D-442B-B0CA-004075182EB6}.Debug|Any CPU.Build.0 = Debug|Any CPU
		{28F040EA-536D-442B-B0CA-004075182EB6}.Debug|iPhone.ActiveCfg = Debug|Any CPU
		{28F040EA-536D-442B-B0CA-004075182EB6}.Debug|iPhone.Build.0 = Debug|Any CPU
		{28F040EA-536D-442B-B0CA-004075182EB6}.Debug|iPhoneSimulator.ActiveCfg = Debug|Any CPU
		{28F040EA-536D-442B-B0CA-004075182EB6}.Debug|iPhoneSimulator.Build.0 = Debug|Any CPU
		{28F040EA-536D-442B-B0CA-004075182EB6}.Release|Any CPU.ActiveCfg = Release|Any CPU
		{28F040EA-536D-442B-B0CA-004075182EB6}.Release|Any CPU.Build.0 = Release|Any CPU
		{28F040EA-536D-442B-B0CA-004075182EB6}.Release|iPhone.ActiveCfg = Release|Any CPU
		{28F040EA-536D-442B-B0CA-004075182EB6}.Release|iPhone.Build.0 = Release|Any CPU
		{28F040EA-536D-442B-B0CA-004075182EB6}.Release|iPhoneSimulator.ActiveCfg = Release|Any CPU
		{28F040EA-536D-442B-B0CA-004075182EB6}.Release|iPhoneSimulator.Build.0 = Release|Any CPU
		{608C7588-9CAE-4443-A431-96FC9DE72A25}.Debug|Any CPU.ActiveCfg = Debug|Any CPU
		{608C7588-9CAE-4443-A431-96FC9DE72A25}.Debug|Any CPU.Build.0 = Debug|Any CPU
		{608C7588-9CAE-4443-A431-96FC9DE72A25}.Debug|iPhone.ActiveCfg = Debug|Any CPU
		{608C7588-9CAE-4443-A431-96FC9DE72A25}.Debug|iPhone.Build.0 = Debug|Any CPU
		{608C7588-9CAE-4443-A431-96FC9DE72A25}.Debug|iPhoneSimulator.ActiveCfg = Debug|Any CPU
		{608C7588-9CAE-4443-A431-96FC9DE72A25}.Debug|iPhoneSimulator.Build.0 = Debug|Any CPU
		{608C7588-9CAE-4443-A431-96FC9DE72A25}.Release|Any CPU.ActiveCfg = Release|Any CPU
		{608C7588-9CAE-4443-A431-96FC9DE72A25}.Release|Any CPU.Build.0 = Release|Any CPU
		{608C7588-9CAE-4443-A431-96FC9DE72A25}.Release|iPhone.ActiveCfg = Release|Any CPU
		{608C7588-9CAE-4443-A431-96FC9DE72A25}.Release|iPhone.Build.0 = Release|Any CPU
		{608C7588-9CAE-4443-A431-96FC9DE72A25}.Release|iPhoneSimulator.ActiveCfg = Release|Any CPU
		{608C7588-9CAE-4443-A431-96FC9DE72A25}.Release|iPhoneSimulator.Build.0 = Release|Any CPU
		{BE8F48E4-7EEE-4C13-B8ED-7705BD9EE443}.Debug|Any CPU.ActiveCfg = Debug|Any CPU
		{BE8F48E4-7EEE-4C13-B8ED-7705BD9EE443}.Debug|Any CPU.Build.0 = Debug|Any CPU
		{BE8F48E4-7EEE-4C13-B8ED-7705BD9EE443}.Debug|iPhone.ActiveCfg = Debug|Any CPU
		{BE8F48E4-7EEE-4C13-B8ED-7705BD9EE443}.Debug|iPhone.Build.0 = Debug|Any CPU
		{BE8F48E4-7EEE-4C13-B8ED-7705BD9EE443}.Debug|iPhoneSimulator.ActiveCfg = Debug|Any CPU
		{BE8F48E4-7EEE-4C13-B8ED-7705BD9EE443}.Debug|iPhoneSimulator.Build.0 = Debug|Any CPU
		{BE8F48E4-7EEE-4C13-B8ED-7705BD9EE443}.Release|Any CPU.ActiveCfg = Release|Any CPU
		{BE8F48E4-7EEE-4C13-B8ED-7705BD9EE443}.Release|Any CPU.Build.0 = Release|Any CPU
		{BE8F48E4-7EEE-4C13-B8ED-7705BD9EE443}.Release|iPhone.ActiveCfg = Release|Any CPU
		{BE8F48E4-7EEE-4C13-B8ED-7705BD9EE443}.Release|iPhone.Build.0 = Release|Any CPU
		{BE8F48E4-7EEE-4C13-B8ED-7705BD9EE443}.Release|iPhoneSimulator.ActiveCfg = Release|Any CPU
		{BE8F48E4-7EEE-4C13-B8ED-7705BD9EE443}.Release|iPhoneSimulator.Build.0 = Release|Any CPU
		{4F0BF44A-7ECA-49A6-B0BB-B676657D9896}.Debug|Any CPU.ActiveCfg = Debug|Any CPU
		{4F0BF44A-7ECA-49A6-B0BB-B676657D9896}.Debug|Any CPU.Build.0 = Debug|Any CPU
		{4F0BF44A-7ECA-49A6-B0BB-B676657D9896}.Debug|iPhone.ActiveCfg = Debug|Any CPU
		{4F0BF44A-7ECA-49A6-B0BB-B676657D9896}.Debug|iPhone.Build.0 = Debug|Any CPU
		{4F0BF44A-7ECA-49A6-B0BB-B676657D9896}.Debug|iPhoneSimulator.ActiveCfg = Debug|Any CPU
		{4F0BF44A-7ECA-49A6-B0BB-B676657D9896}.Debug|iPhoneSimulator.Build.0 = Debug|Any CPU
		{4F0BF44A-7ECA-49A6-B0BB-B676657D9896}.Release|Any CPU.ActiveCfg = Release|Any CPU
		{4F0BF44A-7ECA-49A6-B0BB-B676657D9896}.Release|Any CPU.Build.0 = Release|Any CPU
		{4F0BF44A-7ECA-49A6-B0BB-B676657D9896}.Release|iPhone.ActiveCfg = Release|Any CPU
		{4F0BF44A-7ECA-49A6-B0BB-B676657D9896}.Release|iPhone.Build.0 = Release|Any CPU
		{4F0BF44A-7ECA-49A6-B0BB-B676657D9896}.Release|iPhoneSimulator.ActiveCfg = Release|Any CPU
		{4F0BF44A-7ECA-49A6-B0BB-B676657D9896}.Release|iPhoneSimulator.Build.0 = Release|Any CPU
		{DECCCC75-67AD-4C3D-BB84-FD0E01323511}.Debug|Any CPU.ActiveCfg = Debug|Any CPU
		{DECCCC75-67AD-4C3D-BB84-FD0E01323511}.Debug|Any CPU.Build.0 = Debug|Any CPU
		{DECCCC75-67AD-4C3D-BB84-FD0E01323511}.Debug|iPhone.ActiveCfg = Debug|Any CPU
		{DECCCC75-67AD-4C3D-BB84-FD0E01323511}.Debug|iPhone.Build.0 = Debug|Any CPU
		{DECCCC75-67AD-4C3D-BB84-FD0E01323511}.Debug|iPhoneSimulator.ActiveCfg = Debug|Any CPU
		{DECCCC75-67AD-4C3D-BB84-FD0E01323511}.Debug|iPhoneSimulator.Build.0 = Debug|Any CPU
		{DECCCC75-67AD-4C3D-BB84-FD0E01323511}.Release|Any CPU.ActiveCfg = Release|Any CPU
		{DECCCC75-67AD-4C3D-BB84-FD0E01323511}.Release|Any CPU.Build.0 = Release|Any CPU
		{DECCCC75-67AD-4C3D-BB84-FD0E01323511}.Release|iPhone.ActiveCfg = Release|Any CPU
		{DECCCC75-67AD-4C3D-BB84-FD0E01323511}.Release|iPhone.Build.0 = Release|Any CPU
		{DECCCC75-67AD-4C3D-BB84-FD0E01323511}.Release|iPhoneSimulator.ActiveCfg = Release|Any CPU
		{DECCCC75-67AD-4C3D-BB84-FD0E01323511}.Release|iPhoneSimulator.Build.0 = Release|Any CPU
		{F273FEFD-06BB-40DB-B8C5-D6918F11F4C9}.Debug|Any CPU.ActiveCfg = Debug|Any CPU
		{F273FEFD-06BB-40DB-B8C5-D6918F11F4C9}.Debug|Any CPU.Build.0 = Debug|Any CPU
		{F273FEFD-06BB-40DB-B8C5-D6918F11F4C9}.Debug|iPhone.ActiveCfg = Debug|Any CPU
		{F273FEFD-06BB-40DB-B8C5-D6918F11F4C9}.Debug|iPhone.Build.0 = Debug|Any CPU
		{F273FEFD-06BB-40DB-B8C5-D6918F11F4C9}.Debug|iPhoneSimulator.ActiveCfg = Debug|Any CPU
		{F273FEFD-06BB-40DB-B8C5-D6918F11F4C9}.Debug|iPhoneSimulator.Build.0 = Debug|Any CPU
		{F273FEFD-06BB-40DB-B8C5-D6918F11F4C9}.Release|Any CPU.ActiveCfg = Release|Any CPU
		{F273FEFD-06BB-40DB-B8C5-D6918F11F4C9}.Release|Any CPU.Build.0 = Release|Any CPU
		{F273FEFD-06BB-40DB-B8C5-D6918F11F4C9}.Release|iPhone.ActiveCfg = Release|Any CPU
		{F273FEFD-06BB-40DB-B8C5-D6918F11F4C9}.Release|iPhone.Build.0 = Release|Any CPU
		{F273FEFD-06BB-40DB-B8C5-D6918F11F4C9}.Release|iPhoneSimulator.ActiveCfg = Release|Any CPU
		{F273FEFD-06BB-40DB-B8C5-D6918F11F4C9}.Release|iPhoneSimulator.Build.0 = Release|Any CPU
		{0A9330A9-F19E-4E1B-A432-7598AB9556D3}.Debug|Any CPU.ActiveCfg = Debug|Any CPU
		{0A9330A9-F19E-4E1B-A432-7598AB9556D3}.Debug|Any CPU.Build.0 = Debug|Any CPU
		{0A9330A9-F19E-4E1B-A432-7598AB9556D3}.Debug|iPhone.ActiveCfg = Debug|Any CPU
		{0A9330A9-F19E-4E1B-A432-7598AB9556D3}.Debug|iPhone.Build.0 = Debug|Any CPU
		{0A9330A9-F19E-4E1B-A432-7598AB9556D3}.Debug|iPhoneSimulator.ActiveCfg = Debug|Any CPU
		{0A9330A9-F19E-4E1B-A432-7598AB9556D3}.Debug|iPhoneSimulator.Build.0 = Debug|Any CPU
		{0A9330A9-F19E-4E1B-A432-7598AB9556D3}.Release|Any CPU.ActiveCfg = Release|Any CPU
		{0A9330A9-F19E-4E1B-A432-7598AB9556D3}.Release|Any CPU.Build.0 = Release|Any CPU
		{0A9330A9-F19E-4E1B-A432-7598AB9556D3}.Release|iPhone.ActiveCfg = Release|Any CPU
		{0A9330A9-F19E-4E1B-A432-7598AB9556D3}.Release|iPhone.Build.0 = Release|Any CPU
		{0A9330A9-F19E-4E1B-A432-7598AB9556D3}.Release|iPhoneSimulator.ActiveCfg = Release|Any CPU
		{0A9330A9-F19E-4E1B-A432-7598AB9556D3}.Release|iPhoneSimulator.Build.0 = Release|Any CPU
		{A184D2D1-5C5A-4382-9BEE-7580B14DAC62}.Debug|Any CPU.ActiveCfg = Debug|Any CPU
		{A184D2D1-5C5A-4382-9BEE-7580B14DAC62}.Debug|Any CPU.Build.0 = Debug|Any CPU
		{A184D2D1-5C5A-4382-9BEE-7580B14DAC62}.Debug|iPhone.ActiveCfg = Debug|Any CPU
		{A184D2D1-5C5A-4382-9BEE-7580B14DAC62}.Debug|iPhone.Build.0 = Debug|Any CPU
		{A184D2D1-5C5A-4382-9BEE-7580B14DAC62}.Debug|iPhoneSimulator.ActiveCfg = Debug|Any CPU
		{A184D2D1-5C5A-4382-9BEE-7580B14DAC62}.Debug|iPhoneSimulator.Build.0 = Debug|Any CPU
		{A184D2D1-5C5A-4382-9BEE-7580B14DAC62}.Release|Any CPU.ActiveCfg = Release|Any CPU
		{A184D2D1-5C5A-4382-9BEE-7580B14DAC62}.Release|Any CPU.Build.0 = Release|Any CPU
		{A184D2D1-5C5A-4382-9BEE-7580B14DAC62}.Release|iPhone.ActiveCfg = Release|Any CPU
		{A184D2D1-5C5A-4382-9BEE-7580B14DAC62}.Release|iPhone.Build.0 = Release|Any CPU
		{A184D2D1-5C5A-4382-9BEE-7580B14DAC62}.Release|iPhoneSimulator.ActiveCfg = Release|Any CPU
		{A184D2D1-5C5A-4382-9BEE-7580B14DAC62}.Release|iPhoneSimulator.Build.0 = Release|Any CPU
		{DDB3438A-8228-4A0D-AC28-68C82072D9AC}.Debug|Any CPU.ActiveCfg = Debug|Any CPU
		{DDB3438A-8228-4A0D-AC28-68C82072D9AC}.Debug|Any CPU.Build.0 = Debug|Any CPU
		{DDB3438A-8228-4A0D-AC28-68C82072D9AC}.Debug|iPhone.ActiveCfg = Debug|Any CPU
		{DDB3438A-8228-4A0D-AC28-68C82072D9AC}.Debug|iPhone.Build.0 = Debug|Any CPU
		{DDB3438A-8228-4A0D-AC28-68C82072D9AC}.Debug|iPhoneSimulator.ActiveCfg = Debug|Any CPU
		{DDB3438A-8228-4A0D-AC28-68C82072D9AC}.Debug|iPhoneSimulator.Build.0 = Debug|Any CPU
		{DDB3438A-8228-4A0D-AC28-68C82072D9AC}.Release|Any CPU.ActiveCfg = Release|Any CPU
		{DDB3438A-8228-4A0D-AC28-68C82072D9AC}.Release|Any CPU.Build.0 = Release|Any CPU
		{DDB3438A-8228-4A0D-AC28-68C82072D9AC}.Release|iPhone.ActiveCfg = Release|Any CPU
		{DDB3438A-8228-4A0D-AC28-68C82072D9AC}.Release|iPhone.Build.0 = Release|Any CPU
		{DDB3438A-8228-4A0D-AC28-68C82072D9AC}.Release|iPhoneSimulator.ActiveCfg = Release|Any CPU
		{DDB3438A-8228-4A0D-AC28-68C82072D9AC}.Release|iPhoneSimulator.Build.0 = Release|Any CPU
		{ED0991F2-1086-4EFD-A3EA-014CADFD00EF}.Debug|Any CPU.ActiveCfg = Debug|Any CPU
		{ED0991F2-1086-4EFD-A3EA-014CADFD00EF}.Debug|Any CPU.Build.0 = Debug|Any CPU
		{ED0991F2-1086-4EFD-A3EA-014CADFD00EF}.Debug|iPhone.ActiveCfg = Debug|Any CPU
		{ED0991F2-1086-4EFD-A3EA-014CADFD00EF}.Debug|iPhone.Build.0 = Debug|Any CPU
		{ED0991F2-1086-4EFD-A3EA-014CADFD00EF}.Debug|iPhoneSimulator.ActiveCfg = Debug|Any CPU
		{ED0991F2-1086-4EFD-A3EA-014CADFD00EF}.Debug|iPhoneSimulator.Build.0 = Debug|Any CPU
		{ED0991F2-1086-4EFD-A3EA-014CADFD00EF}.Release|Any CPU.ActiveCfg = Release|Any CPU
		{ED0991F2-1086-4EFD-A3EA-014CADFD00EF}.Release|Any CPU.Build.0 = Release|Any CPU
		{ED0991F2-1086-4EFD-A3EA-014CADFD00EF}.Release|iPhone.ActiveCfg = Release|Any CPU
		{ED0991F2-1086-4EFD-A3EA-014CADFD00EF}.Release|iPhone.Build.0 = Release|Any CPU
		{ED0991F2-1086-4EFD-A3EA-014CADFD00EF}.Release|iPhoneSimulator.ActiveCfg = Release|Any CPU
		{ED0991F2-1086-4EFD-A3EA-014CADFD00EF}.Release|iPhoneSimulator.Build.0 = Release|Any CPU
		{E558180D-BB2A-4A9B-968E-A4F000F79E0F}.Debug|Any CPU.ActiveCfg = Debug|Any CPU
		{E558180D-BB2A-4A9B-968E-A4F000F79E0F}.Debug|Any CPU.Build.0 = Debug|Any CPU
		{E558180D-BB2A-4A9B-968E-A4F000F79E0F}.Debug|iPhone.ActiveCfg = Debug|Any CPU
		{E558180D-BB2A-4A9B-968E-A4F000F79E0F}.Debug|iPhone.Build.0 = Debug|Any CPU
		{E558180D-BB2A-4A9B-968E-A4F000F79E0F}.Debug|iPhoneSimulator.ActiveCfg = Debug|Any CPU
		{E558180D-BB2A-4A9B-968E-A4F000F79E0F}.Debug|iPhoneSimulator.Build.0 = Debug|Any CPU
		{E558180D-BB2A-4A9B-968E-A4F000F79E0F}.Release|Any CPU.ActiveCfg = Release|Any CPU
		{E558180D-BB2A-4A9B-968E-A4F000F79E0F}.Release|Any CPU.Build.0 = Release|Any CPU
		{E558180D-BB2A-4A9B-968E-A4F000F79E0F}.Release|iPhone.ActiveCfg = Release|Any CPU
		{E558180D-BB2A-4A9B-968E-A4F000F79E0F}.Release|iPhone.Build.0 = Release|Any CPU
		{E558180D-BB2A-4A9B-968E-A4F000F79E0F}.Release|iPhoneSimulator.ActiveCfg = Release|Any CPU
		{E558180D-BB2A-4A9B-968E-A4F000F79E0F}.Release|iPhoneSimulator.Build.0 = Release|Any CPU
		{C76BF5B3-985E-4D39-95FE-97C9C879B83A}.Debug|Any CPU.ActiveCfg = Debug|Any CPU
		{C76BF5B3-985E-4D39-95FE-97C9C879B83A}.Debug|Any CPU.Build.0 = Debug|Any CPU
		{C76BF5B3-985E-4D39-95FE-97C9C879B83A}.Debug|iPhone.ActiveCfg = Debug|Any CPU
		{C76BF5B3-985E-4D39-95FE-97C9C879B83A}.Debug|iPhone.Build.0 = Debug|Any CPU
		{C76BF5B3-985E-4D39-95FE-97C9C879B83A}.Debug|iPhoneSimulator.ActiveCfg = Debug|Any CPU
		{C76BF5B3-985E-4D39-95FE-97C9C879B83A}.Debug|iPhoneSimulator.Build.0 = Debug|Any CPU
		{C76BF5B3-985E-4D39-95FE-97C9C879B83A}.Release|Any CPU.ActiveCfg = Release|Any CPU
		{C76BF5B3-985E-4D39-95FE-97C9C879B83A}.Release|Any CPU.Build.0 = Release|Any CPU
		{C76BF5B3-985E-4D39-95FE-97C9C879B83A}.Release|iPhone.ActiveCfg = Release|Any CPU
		{C76BF5B3-985E-4D39-95FE-97C9C879B83A}.Release|iPhone.Build.0 = Release|Any CPU
		{C76BF5B3-985E-4D39-95FE-97C9C879B83A}.Release|iPhoneSimulator.ActiveCfg = Release|Any CPU
		{C76BF5B3-985E-4D39-95FE-97C9C879B83A}.Release|iPhoneSimulator.Build.0 = Release|Any CPU
		{52453620-B161-4935-AFCF-85A8051310CC}.Debug|Any CPU.ActiveCfg = Debug|Any CPU
		{52453620-B161-4935-AFCF-85A8051310CC}.Debug|Any CPU.Build.0 = Debug|Any CPU
		{52453620-B161-4935-AFCF-85A8051310CC}.Debug|iPhone.ActiveCfg = Debug|Any CPU
		{52453620-B161-4935-AFCF-85A8051310CC}.Debug|iPhone.Build.0 = Debug|Any CPU
		{52453620-B161-4935-AFCF-85A8051310CC}.Debug|iPhoneSimulator.ActiveCfg = Debug|Any CPU
		{52453620-B161-4935-AFCF-85A8051310CC}.Debug|iPhoneSimulator.Build.0 = Debug|Any CPU
		{52453620-B161-4935-AFCF-85A8051310CC}.Release|Any CPU.ActiveCfg = Release|Any CPU
		{52453620-B161-4935-AFCF-85A8051310CC}.Release|Any CPU.Build.0 = Release|Any CPU
		{52453620-B161-4935-AFCF-85A8051310CC}.Release|iPhone.ActiveCfg = Release|Any CPU
		{52453620-B161-4935-AFCF-85A8051310CC}.Release|iPhone.Build.0 = Release|Any CPU
		{52453620-B161-4935-AFCF-85A8051310CC}.Release|iPhoneSimulator.ActiveCfg = Release|Any CPU
		{52453620-B161-4935-AFCF-85A8051310CC}.Release|iPhoneSimulator.Build.0 = Release|Any CPU
		{79803407-6F50-484F-93F5-641911EABD8A}.Debug|Any CPU.ActiveCfg = Debug|Any CPU
		{79803407-6F50-484F-93F5-641911EABD8A}.Debug|Any CPU.Build.0 = Debug|Any CPU
		{79803407-6F50-484F-93F5-641911EABD8A}.Debug|iPhone.ActiveCfg = Debug|Any CPU
		{79803407-6F50-484F-93F5-641911EABD8A}.Debug|iPhone.Build.0 = Debug|Any CPU
		{79803407-6F50-484F-93F5-641911EABD8A}.Debug|iPhoneSimulator.ActiveCfg = Debug|Any CPU
		{79803407-6F50-484F-93F5-641911EABD8A}.Debug|iPhoneSimulator.Build.0 = Debug|Any CPU
		{79803407-6F50-484F-93F5-641911EABD8A}.Release|Any CPU.ActiveCfg = Release|Any CPU
		{79803407-6F50-484F-93F5-641911EABD8A}.Release|Any CPU.Build.0 = Release|Any CPU
		{79803407-6F50-484F-93F5-641911EABD8A}.Release|iPhone.ActiveCfg = Release|Any CPU
		{79803407-6F50-484F-93F5-641911EABD8A}.Release|iPhone.Build.0 = Release|Any CPU
		{79803407-6F50-484F-93F5-641911EABD8A}.Release|iPhoneSimulator.ActiveCfg = Release|Any CPU
		{79803407-6F50-484F-93F5-641911EABD8A}.Release|iPhoneSimulator.Build.0 = Release|Any CPU
		{2AD6EA6F-CD5A-4348-86F1-5E228B11617D}.Debug|Any CPU.ActiveCfg = Debug|Any CPU
		{2AD6EA6F-CD5A-4348-86F1-5E228B11617D}.Debug|Any CPU.Build.0 = Debug|Any CPU
		{2AD6EA6F-CD5A-4348-86F1-5E228B11617D}.Debug|iPhone.ActiveCfg = Debug|Any CPU
		{2AD6EA6F-CD5A-4348-86F1-5E228B11617D}.Debug|iPhone.Build.0 = Debug|Any CPU
		{2AD6EA6F-CD5A-4348-86F1-5E228B11617D}.Debug|iPhoneSimulator.ActiveCfg = Debug|Any CPU
		{2AD6EA6F-CD5A-4348-86F1-5E228B11617D}.Debug|iPhoneSimulator.Build.0 = Debug|Any CPU
		{2AD6EA6F-CD5A-4348-86F1-5E228B11617D}.Release|Any CPU.ActiveCfg = Release|Any CPU
		{2AD6EA6F-CD5A-4348-86F1-5E228B11617D}.Release|Any CPU.Build.0 = Release|Any CPU
		{2AD6EA6F-CD5A-4348-86F1-5E228B11617D}.Release|iPhone.ActiveCfg = Release|Any CPU
		{2AD6EA6F-CD5A-4348-86F1-5E228B11617D}.Release|iPhone.Build.0 = Release|Any CPU
		{2AD6EA6F-CD5A-4348-86F1-5E228B11617D}.Release|iPhoneSimulator.ActiveCfg = Release|Any CPU
		{2AD6EA6F-CD5A-4348-86F1-5E228B11617D}.Release|iPhoneSimulator.Build.0 = Release|Any CPU
		{F853B4BB-CB83-4169-8FD2-72EEB4A88C32}.Debug|Any CPU.ActiveCfg = Debug|Any CPU
		{F853B4BB-CB83-4169-8FD2-72EEB4A88C32}.Debug|Any CPU.Build.0 = Debug|Any CPU
		{F853B4BB-CB83-4169-8FD2-72EEB4A88C32}.Debug|iPhone.ActiveCfg = Debug|Any CPU
		{F853B4BB-CB83-4169-8FD2-72EEB4A88C32}.Debug|iPhone.Build.0 = Debug|Any CPU
		{F853B4BB-CB83-4169-8FD2-72EEB4A88C32}.Debug|iPhoneSimulator.ActiveCfg = Debug|Any CPU
		{F853B4BB-CB83-4169-8FD2-72EEB4A88C32}.Debug|iPhoneSimulator.Build.0 = Debug|Any CPU
		{F853B4BB-CB83-4169-8FD2-72EEB4A88C32}.Release|Any CPU.ActiveCfg = Release|Any CPU
		{F853B4BB-CB83-4169-8FD2-72EEB4A88C32}.Release|Any CPU.Build.0 = Release|Any CPU
		{F853B4BB-CB83-4169-8FD2-72EEB4A88C32}.Release|iPhone.ActiveCfg = Release|Any CPU
		{F853B4BB-CB83-4169-8FD2-72EEB4A88C32}.Release|iPhone.Build.0 = Release|Any CPU
		{F853B4BB-CB83-4169-8FD2-72EEB4A88C32}.Release|iPhoneSimulator.ActiveCfg = Release|Any CPU
		{F853B4BB-CB83-4169-8FD2-72EEB4A88C32}.Release|iPhoneSimulator.Build.0 = Release|Any CPU
		{EDCABD55-537A-4038-8EF9-08C1412A0E4F}.Debug|Any CPU.ActiveCfg = Debug|Any CPU
		{EDCABD55-537A-4038-8EF9-08C1412A0E4F}.Debug|Any CPU.Build.0 = Debug|Any CPU
		{EDCABD55-537A-4038-8EF9-08C1412A0E4F}.Debug|iPhone.ActiveCfg = Debug|Any CPU
		{EDCABD55-537A-4038-8EF9-08C1412A0E4F}.Debug|iPhone.Build.0 = Debug|Any CPU
		{EDCABD55-537A-4038-8EF9-08C1412A0E4F}.Debug|iPhoneSimulator.ActiveCfg = Debug|Any CPU
		{EDCABD55-537A-4038-8EF9-08C1412A0E4F}.Debug|iPhoneSimulator.Build.0 = Debug|Any CPU
		{EDCABD55-537A-4038-8EF9-08C1412A0E4F}.Release|Any CPU.ActiveCfg = Release|Any CPU
		{EDCABD55-537A-4038-8EF9-08C1412A0E4F}.Release|Any CPU.Build.0 = Release|Any CPU
		{EDCABD55-537A-4038-8EF9-08C1412A0E4F}.Release|iPhone.ActiveCfg = Release|Any CPU
		{EDCABD55-537A-4038-8EF9-08C1412A0E4F}.Release|iPhone.Build.0 = Release|Any CPU
		{EDCABD55-537A-4038-8EF9-08C1412A0E4F}.Release|iPhoneSimulator.ActiveCfg = Release|Any CPU
		{EDCABD55-537A-4038-8EF9-08C1412A0E4F}.Release|iPhoneSimulator.Build.0 = Release|Any CPU
		{A269954E-19D8-4631-898D-EB7B5541422A}.Debug|Any CPU.ActiveCfg = Debug|Any CPU
		{A269954E-19D8-4631-898D-EB7B5541422A}.Debug|Any CPU.Build.0 = Debug|Any CPU
		{A269954E-19D8-4631-898D-EB7B5541422A}.Debug|iPhone.ActiveCfg = Debug|Any CPU
		{A269954E-19D8-4631-898D-EB7B5541422A}.Debug|iPhone.Build.0 = Debug|Any CPU
		{A269954E-19D8-4631-898D-EB7B5541422A}.Debug|iPhoneSimulator.ActiveCfg = Debug|Any CPU
		{A269954E-19D8-4631-898D-EB7B5541422A}.Debug|iPhoneSimulator.Build.0 = Debug|Any CPU
		{A269954E-19D8-4631-898D-EB7B5541422A}.Release|Any CPU.ActiveCfg = Release|Any CPU
		{A269954E-19D8-4631-898D-EB7B5541422A}.Release|Any CPU.Build.0 = Release|Any CPU
		{A269954E-19D8-4631-898D-EB7B5541422A}.Release|iPhone.ActiveCfg = Release|Any CPU
		{A269954E-19D8-4631-898D-EB7B5541422A}.Release|iPhone.Build.0 = Release|Any CPU
		{A269954E-19D8-4631-898D-EB7B5541422A}.Release|iPhoneSimulator.ActiveCfg = Release|Any CPU
		{A269954E-19D8-4631-898D-EB7B5541422A}.Release|iPhoneSimulator.Build.0 = Release|Any CPU
	EndGlobalSection
	GlobalSection(SolutionProperties) = preSolution
		HideSolutionNode = FALSE
	EndGlobalSection
	GlobalSection(NestedProjects) = preSolution
		{C92A607B-1FDD-4954-9F92-03FF547D9080} = {6454B26E-49CE-4DBC-BA1C-42897F17FFE8}
		{58F6C80C-1253-4A0E-A465-B8C85EBEADF3} = {6454B26E-49CE-4DBC-BA1C-42897F17FFE8}
		{F167E17A-7DE6-4AF5-B920-A5112296C695} = {6454B26E-49CE-4DBC-BA1C-42897F17FFE8}
		{48F4582B-7687-4621-9CBE-5C24197CB536} = {6454B26E-49CE-4DBC-BA1C-42897F17FFE8}
		{608C7588-9CAE-4443-A431-96FC9DE72A25} = {9C164A25-E953-46D3-B3E9-CA8DC9D6557E}
		{BE8F48E4-7EEE-4C13-B8ED-7705BD9EE443} = {9C164A25-E953-46D3-B3E9-CA8DC9D6557E}
		{4F0BF44A-7ECA-49A6-B0BB-B676657D9896} = {9C164A25-E953-46D3-B3E9-CA8DC9D6557E}
		{DECCCC75-67AD-4C3D-BB84-FD0E01323511} = {9C164A25-E953-46D3-B3E9-CA8DC9D6557E}
		{AF9C4BD3-1F3B-4DBB-8FFA-2A2FBBEA5836} = {1934D691-4F8E-4273-89D5-7318863ECBA3}
		{9C164A25-E953-46D3-B3E9-CA8DC9D6557E} = {6454B26E-49CE-4DBC-BA1C-42897F17FFE8}
		{F273FEFD-06BB-40DB-B8C5-D6918F11F4C9} = {6454B26E-49CE-4DBC-BA1C-42897F17FFE8}
		{0A9330A9-F19E-4E1B-A432-7598AB9556D3} = {6098377D-FCAE-4006-8ABC-51A1B581F474}
		{A184D2D1-5C5A-4382-9BEE-7580B14DAC62} = {6098377D-FCAE-4006-8ABC-51A1B581F474}
		{DDB3438A-8228-4A0D-AC28-68C82072D9AC} = {6098377D-FCAE-4006-8ABC-51A1B581F474}
		{ED0991F2-1086-4EFD-A3EA-014CADFD00EF} = {6098377D-FCAE-4006-8ABC-51A1B581F474}
		{E558180D-BB2A-4A9B-968E-A4F000F79E0F} = {6098377D-FCAE-4006-8ABC-51A1B581F474}
		{C76BF5B3-985E-4D39-95FE-97C9C879B83A} = {AF9C4BD3-1F3B-4DBB-8FFA-2A2FBBEA5836}
		{52453620-B161-4935-AFCF-85A8051310CC} = {AF9C4BD3-1F3B-4DBB-8FFA-2A2FBBEA5836}
		{79803407-6F50-484F-93F5-641911EABD8A} = {AF9C4BD3-1F3B-4DBB-8FFA-2A2FBBEA5836}
		{2AD6EA6F-CD5A-4348-86F1-5E228B11617D} = {AF9C4BD3-1F3B-4DBB-8FFA-2A2FBBEA5836}
		{F853B4BB-CB83-4169-8FD2-72EEB4A88C32} = {AF9C4BD3-1F3B-4DBB-8FFA-2A2FBBEA5836}
		{EDCABD55-537A-4038-8EF9-08C1412A0E4F} = {1934D691-4F8E-4273-89D5-7318863ECBA3}
		{A269954E-19D8-4631-898D-EB7B5541422A} = {1934D691-4F8E-4273-89D5-7318863ECBA3}
	EndGlobalSection
	GlobalSection(ExtensibilityGlobals) = postSolution
		SolutionGuid = {671B0BEC-2403-45B0-9357-2C97CC517668}
	EndGlobalSection
	GlobalSection(MonoDevelopProperties) = preSolution
		Policies = $0
		$0.TextStylePolicy = $1
		$1.EolMarker = Windows
		$1.scope = text/x-csharp
		$1.FileWidth = 80
		$1.TabsToSpaces = True
		$0.CSharpFormattingPolicy = $2
		$2.scope = text/x-csharp
	EndGlobalSection
EndGlobal
