
Microsoft Visual Studio Solution File, Format Version 12.00
# Visual Studio 15
VisualStudioVersion = 15.0.27004.2002
MinimumVisualStudioVersion = 10.0.40219.1
Project("{9A19103F-16F7-4668-BE54-9A1E7A4F7556}") = "osu.Game", "osu.Game\osu.Game.csproj", "{2A66DD92-ADB1-4994-89E2-C94E04ACDA0D}"
EndProject
Project("{9A19103F-16F7-4668-BE54-9A1E7A4F7556}") = "osu.Game.Rulesets.Osu", "osu.Game.Rulesets.Osu\osu.Game.Rulesets.Osu.csproj", "{C92A607B-1FDD-4954-9F92-03FF547D9080}"
EndProject
Project("{9A19103F-16F7-4668-BE54-9A1E7A4F7556}") = "osu.Game.Rulesets.Catch", "osu.Game.Rulesets.Catch\osu.Game.Rulesets.Catch.csproj", "{58F6C80C-1253-4A0E-A465-B8C85EBEADF3}"
EndProject
Project("{9A19103F-16F7-4668-BE54-9A1E7A4F7556}") = "osu.Game.Rulesets.Taiko", "osu.Game.Rulesets.Taiko\osu.Game.Rulesets.Taiko.csproj", "{F167E17A-7DE6-4AF5-B920-A5112296C695}"
EndProject
Project("{9A19103F-16F7-4668-BE54-9A1E7A4F7556}") = "osu.Game.Rulesets.Mania", "osu.Game.Rulesets.Mania\osu.Game.Rulesets.Mania.csproj", "{48F4582B-7687-4621-9CBE-5C24197CB536}"
EndProject
Project("{FAE04EC0-301F-11D3-BF4B-00C04F79EFBC}") = "osu.iOS", "osu.iOS\osu.iOS.csproj", "{3F082D0B-A964-43D7-BDF7-C256D76A50D0}"
EndProject
Project("{FAE04EC0-301F-11D3-BF4B-00C04F79EFBC}") = "osu.Game.Tests.iOS", "osu.Game.Tests.iOS\osu.Game.Tests.iOS.csproj", "{65FF8E19-6934-469B-B690-23C6D6E56A17}"
EndProject
Project("{FAE04EC0-301F-11D3-BF4B-00C04F79EFBC}") = "osu.Game.Rulesets.Taiko.Tests.iOS", "osu.Game.Rulesets.Taiko.Tests.iOS\osu.Game.Rulesets.Taiko.Tests.iOS.csproj", "{7E408809-66AC-49D1-AF4D-98834F9B979A}"
EndProject
Project("{FAE04EC0-301F-11D3-BF4B-00C04F79EFBC}") = "osu.Game.Rulesets.Osu.Tests.iOS", "osu.Game.Rulesets.Osu.Tests.iOS\osu.Game.Rulesets.Osu.Tests.iOS.csproj", "{6653CA6F-DB06-4604-A3FD-762E25C2AF96}"
EndProject
Project("{FAE04EC0-301F-11D3-BF4B-00C04F79EFBC}") = "osu.Game.Rulesets.Mania.Tests.iOS", "osu.Game.Rulesets.Mania.Tests.iOS\osu.Game.Rulesets.Mania.Tests.iOS.csproj", "{39FD990E-B6CE-4B2A-999F-BC008CF2C64C}"
EndProject
Project("{FAE04EC0-301F-11D3-BF4B-00C04F79EFBC}") = "osu.Game.Rulesets.Catch.Tests.iOS", "osu.Game.Rulesets.Catch.Tests.iOS\osu.Game.Rulesets.Catch.Tests.iOS.csproj", "{4004C7B7-1A62-43F1-9DF2-52450FA67E70}"
EndProject
Project("{2150E333-8FDC-42A3-9474-1A3956D46DE8}") = "Sym.Core", "Sym.Core", "{DB351E79-1B67-4454-AB7D-CF2D5B544836}"
EndProject
Project("{2150E333-8FDC-42A3-9474-1A3956D46DE8}") = "Sym.osu", "Sym.osu", "{1B9C93E1-FF5A-4015-BF19-B4702269A11D}"
EndProject
Project("{2150E333-8FDC-42A3-9474-1A3956D46DE8}") = "osu-framework", "osu-framework", "{54420B98-340E-4C6B-BFA2-91185634D5C4}"
EndProject
Project("{2150E333-8FDC-42A3-9474-1A3956D46DE8}") = "Rulesets", "Rulesets", "{8924FF5D-AD6A-4884-8620-07923A226064}"
EndProject
Project("{2150E333-8FDC-42A3-9474-1A3956D46DE8}") = "Tests", "Tests", "{AEF99214-224F-4A09-BAFA-675B93DF6D03}"
EndProject
Project("{9A19103F-16F7-4668-BE54-9A1E7A4F7556}") = "osu.Core", "Sym.osu\osu.Core\osu.Core.csproj", "{943B1AE1-78EA-4ED7-9B0A-0D94C425C208}"
EndProject
Project("{9A19103F-16F7-4668-BE54-9A1E7A4F7556}") = "osu.Mods.MapMixer", "Sym.osu\osu.Mods.MapMixer\osu.Mods.MapMixer.csproj", "{7683D911-933F-4AE8-8E24-B545FD8AF944}"
EndProject
Project("{9A19103F-16F7-4668-BE54-9A1E7A4F7556}") = "osu.Mods.Rulesets.Core", "Sym.osu\osu.Mods.Rulesets.Core\osu.Mods.Rulesets.Core.csproj", "{904D5F33-E036-448B-8B6B-D880A3C11B3B}"
EndProject
Project("{9A19103F-16F7-4668-BE54-9A1E7A4F7556}") = "osu.Mods.Evast", "Sym.osu\osu.Mods.Evast\osu.Mods.Evast.csproj", "{D07A53E6-D22B-42B1-B21E-BB3E07388829}"
EndProject
Project("{9A19103F-16F7-4668-BE54-9A1E7A4F7556}") = "osu.Mods.Online", "Sym.osu\osu.Mods.Online\osu.Mods.Online.csproj", "{87505540-1A3B-4483-B5AC-A95E0E920147}"
EndProject
Project("{9A19103F-16F7-4668-BE54-9A1E7A4F7556}") = "osu.Framework", "..\Symcol.Core\osu-framework\osu.Framework\osu.Framework.csproj", "{C76BF5B3-985E-4D39-95FE-97C9C879B83A}"
EndProject
Project("{9A19103F-16F7-4668-BE54-9A1E7A4F7556}") = "SampleGame", "..\Symcol.Core\osu-framework\SampleGame\SampleGame.csproj", "{E3882853-43D1-4603-AD33-D9D59C8A8692}"
EndProject
Project("{9A19103F-16F7-4668-BE54-9A1E7A4F7556}") = "osu.Framework.iOS", "..\Symcol.Core\osu-framework\osu.Framework.iOS\osu.Framework.iOS.csproj", "{BBC0D18F-8595-43A6-AE61-5BF36A072CCE}"
EndProject
Project("{FAE04EC0-301F-11D3-BF4B-00C04F79EFBC}") = "SampleGame.iOS", "..\Symcol.Core\osu-framework\SampleGame.iOS\SampleGame.iOS.csproj", "{529D5E2E-774A-4831-9C9E-59E3E8DFF155}"
EndProject
Project("{FAE04EC0-301F-11D3-BF4B-00C04F79EFBC}") = "osu.Framework.Tests.iOS", "..\Symcol.Core\osu-framework\osu.Framework.Tests.iOS\osu.Framework.Tests.iOS.csproj", "{D972753E-45FC-4B82-B017-34BDE485F1BB}"
EndProject
Project("{9A19103F-16F7-4668-BE54-9A1E7A4F7556}") = "osu.Framework.NativeLibs", "..\Symcol.Core\osu-framework\osu.Framework.NativeLibs\osu.Framework.NativeLibs.csproj", "{C2562AFA-04B2-40D9-BFDB-6BA2573997A1}"
EndProject
Project("{9A19103F-16F7-4668-BE54-9A1E7A4F7556}") = "Symcol.Base", "..\Symcol.Core\Symcol.Base\Symcol.Base.csproj", "{D3D5DF2B-44BD-45F8-84AA-75FDA47F42D3}"
EndProject
Project("{9A19103F-16F7-4668-BE54-9A1E7A4F7556}") = "Symcol.Networking", "..\Symcol.Core\Symcol.Networking\Symcol.Networking.csproj", "{DCE46A41-F58D-414F-BF28-6C58B15432CC}"
EndProject
Project("{9A19103F-16F7-4668-BE54-9A1E7A4F7556}") = "osu.Game.Rulesets.Vitaru", "osu.Game.Rulesets.Vitaru\osu.Game.Rulesets.Vitaru.csproj", "{6C9223C5-D801-48E4-B2AE-11D0668AF899}"
EndProject
Global
	GlobalSection(SolutionConfigurationPlatforms) = preSolution
		Debug|Any CPU = Debug|Any CPU
		Debug|iPhone = Debug|iPhone
		Debug|iPhoneSimulator = Debug|iPhoneSimulator
		Release|Any CPU = Release|Any CPU
		Release|iPhone = Release|iPhone
		Release|iPhoneSimulator = Release|iPhoneSimulator
	EndGlobalSection
	GlobalSection(ProjectConfigurationPlatforms) = postSolution
		{2A66DD92-ADB1-4994-89E2-C94E04ACDA0D}.Debug|Any CPU.ActiveCfg = Debug|Any CPU
		{2A66DD92-ADB1-4994-89E2-C94E04ACDA0D}.Debug|Any CPU.Build.0 = Debug|Any CPU
		{2A66DD92-ADB1-4994-89E2-C94E04ACDA0D}.Debug|iPhone.ActiveCfg = Debug|Any CPU
		{2A66DD92-ADB1-4994-89E2-C94E04ACDA0D}.Debug|iPhone.Build.0 = Debug|Any CPU
		{2A66DD92-ADB1-4994-89E2-C94E04ACDA0D}.Debug|iPhoneSimulator.ActiveCfg = Debug|Any CPU
		{2A66DD92-ADB1-4994-89E2-C94E04ACDA0D}.Debug|iPhoneSimulator.Build.0 = Debug|Any CPU
		{2A66DD92-ADB1-4994-89E2-C94E04ACDA0D}.Release|Any CPU.ActiveCfg = Release|Any CPU
		{2A66DD92-ADB1-4994-89E2-C94E04ACDA0D}.Release|Any CPU.Build.0 = Release|Any CPU
		{2A66DD92-ADB1-4994-89E2-C94E04ACDA0D}.Release|iPhone.ActiveCfg = Release|Any CPU
		{2A66DD92-ADB1-4994-89E2-C94E04ACDA0D}.Release|iPhone.Build.0 = Release|Any CPU
		{2A66DD92-ADB1-4994-89E2-C94E04ACDA0D}.Release|iPhoneSimulator.ActiveCfg = Release|Any CPU
		{2A66DD92-ADB1-4994-89E2-C94E04ACDA0D}.Release|iPhoneSimulator.Build.0 = Release|Any CPU
		{C92A607B-1FDD-4954-9F92-03FF547D9080}.Debug|Any CPU.ActiveCfg = Debug|Any CPU
		{C92A607B-1FDD-4954-9F92-03FF547D9080}.Debug|Any CPU.Build.0 = Debug|Any CPU
		{C92A607B-1FDD-4954-9F92-03FF547D9080}.Debug|iPhone.ActiveCfg = Debug|Any CPU
		{C92A607B-1FDD-4954-9F92-03FF547D9080}.Debug|iPhone.Build.0 = Debug|Any CPU
		{C92A607B-1FDD-4954-9F92-03FF547D9080}.Debug|iPhoneSimulator.ActiveCfg = Debug|Any CPU
		{C92A607B-1FDD-4954-9F92-03FF547D9080}.Debug|iPhoneSimulator.Build.0 = Debug|Any CPU
		{C92A607B-1FDD-4954-9F92-03FF547D9080}.Release|Any CPU.ActiveCfg = Release|Any CPU
		{C92A607B-1FDD-4954-9F92-03FF547D9080}.Release|Any CPU.Build.0 = Release|Any CPU
		{C92A607B-1FDD-4954-9F92-03FF547D9080}.Release|iPhone.ActiveCfg = Release|Any CPU
		{C92A607B-1FDD-4954-9F92-03FF547D9080}.Release|iPhone.Build.0 = Release|Any CPU
		{C92A607B-1FDD-4954-9F92-03FF547D9080}.Release|iPhoneSimulator.ActiveCfg = Release|Any CPU
		{C92A607B-1FDD-4954-9F92-03FF547D9080}.Release|iPhoneSimulator.Build.0 = Release|Any CPU
		{58F6C80C-1253-4A0E-A465-B8C85EBEADF3}.Debug|Any CPU.ActiveCfg = Debug|Any CPU
		{58F6C80C-1253-4A0E-A465-B8C85EBEADF3}.Debug|Any CPU.Build.0 = Debug|Any CPU
		{58F6C80C-1253-4A0E-A465-B8C85EBEADF3}.Debug|iPhone.ActiveCfg = Debug|Any CPU
		{58F6C80C-1253-4A0E-A465-B8C85EBEADF3}.Debug|iPhone.Build.0 = Debug|Any CPU
		{58F6C80C-1253-4A0E-A465-B8C85EBEADF3}.Debug|iPhoneSimulator.ActiveCfg = Debug|Any CPU
		{58F6C80C-1253-4A0E-A465-B8C85EBEADF3}.Debug|iPhoneSimulator.Build.0 = Debug|Any CPU
		{58F6C80C-1253-4A0E-A465-B8C85EBEADF3}.Release|Any CPU.ActiveCfg = Release|Any CPU
		{58F6C80C-1253-4A0E-A465-B8C85EBEADF3}.Release|Any CPU.Build.0 = Release|Any CPU
		{58F6C80C-1253-4A0E-A465-B8C85EBEADF3}.Release|iPhone.ActiveCfg = Release|Any CPU
		{58F6C80C-1253-4A0E-A465-B8C85EBEADF3}.Release|iPhone.Build.0 = Release|Any CPU
		{58F6C80C-1253-4A0E-A465-B8C85EBEADF3}.Release|iPhoneSimulator.ActiveCfg = Release|Any CPU
		{58F6C80C-1253-4A0E-A465-B8C85EBEADF3}.Release|iPhoneSimulator.Build.0 = Release|Any CPU
		{F167E17A-7DE6-4AF5-B920-A5112296C695}.Debug|Any CPU.ActiveCfg = Debug|Any CPU
		{F167E17A-7DE6-4AF5-B920-A5112296C695}.Debug|Any CPU.Build.0 = Debug|Any CPU
		{F167E17A-7DE6-4AF5-B920-A5112296C695}.Debug|iPhone.ActiveCfg = Debug|Any CPU
		{F167E17A-7DE6-4AF5-B920-A5112296C695}.Debug|iPhone.Build.0 = Debug|Any CPU
		{F167E17A-7DE6-4AF5-B920-A5112296C695}.Debug|iPhoneSimulator.ActiveCfg = Debug|Any CPU
		{F167E17A-7DE6-4AF5-B920-A5112296C695}.Debug|iPhoneSimulator.Build.0 = Debug|Any CPU
		{F167E17A-7DE6-4AF5-B920-A5112296C695}.Release|Any CPU.ActiveCfg = Release|Any CPU
		{F167E17A-7DE6-4AF5-B920-A5112296C695}.Release|Any CPU.Build.0 = Release|Any CPU
		{F167E17A-7DE6-4AF5-B920-A5112296C695}.Release|iPhone.ActiveCfg = Release|Any CPU
		{F167E17A-7DE6-4AF5-B920-A5112296C695}.Release|iPhone.Build.0 = Release|Any CPU
		{F167E17A-7DE6-4AF5-B920-A5112296C695}.Release|iPhoneSimulator.ActiveCfg = Release|Any CPU
		{F167E17A-7DE6-4AF5-B920-A5112296C695}.Release|iPhoneSimulator.Build.0 = Release|Any CPU
		{48F4582B-7687-4621-9CBE-5C24197CB536}.Debug|Any CPU.ActiveCfg = Debug|Any CPU
		{48F4582B-7687-4621-9CBE-5C24197CB536}.Debug|Any CPU.Build.0 = Debug|Any CPU
		{48F4582B-7687-4621-9CBE-5C24197CB536}.Debug|iPhone.ActiveCfg = Debug|Any CPU
		{48F4582B-7687-4621-9CBE-5C24197CB536}.Debug|iPhone.Build.0 = Debug|Any CPU
		{48F4582B-7687-4621-9CBE-5C24197CB536}.Debug|iPhoneSimulator.ActiveCfg = Debug|Any CPU
		{48F4582B-7687-4621-9CBE-5C24197CB536}.Debug|iPhoneSimulator.Build.0 = Debug|Any CPU
		{48F4582B-7687-4621-9CBE-5C24197CB536}.Release|Any CPU.ActiveCfg = Release|Any CPU
		{48F4582B-7687-4621-9CBE-5C24197CB536}.Release|Any CPU.Build.0 = Release|Any CPU
		{48F4582B-7687-4621-9CBE-5C24197CB536}.Release|iPhone.ActiveCfg = Release|Any CPU
		{48F4582B-7687-4621-9CBE-5C24197CB536}.Release|iPhone.Build.0 = Release|Any CPU
		{48F4582B-7687-4621-9CBE-5C24197CB536}.Release|iPhoneSimulator.ActiveCfg = Release|Any CPU
		{48F4582B-7687-4621-9CBE-5C24197CB536}.Release|iPhoneSimulator.Build.0 = Release|Any CPU
		{3F082D0B-A964-43D7-BDF7-C256D76A50D0}.Debug|Any CPU.ActiveCfg = Debug|iPhoneSimulator
		{3F082D0B-A964-43D7-BDF7-C256D76A50D0}.Debug|iPhone.ActiveCfg = Debug|iPhone
		{3F082D0B-A964-43D7-BDF7-C256D76A50D0}.Debug|iPhone.Build.0 = Debug|iPhone
		{3F082D0B-A964-43D7-BDF7-C256D76A50D0}.Debug|iPhoneSimulator.ActiveCfg = Debug|iPhoneSimulator
		{3F082D0B-A964-43D7-BDF7-C256D76A50D0}.Debug|iPhoneSimulator.Build.0 = Debug|iPhoneSimulator
		{3F082D0B-A964-43D7-BDF7-C256D76A50D0}.Release|Any CPU.ActiveCfg = Release|iPhone
		{3F082D0B-A964-43D7-BDF7-C256D76A50D0}.Release|iPhone.ActiveCfg = Release|iPhone
		{3F082D0B-A964-43D7-BDF7-C256D76A50D0}.Release|iPhone.Build.0 = Release|iPhone
		{3F082D0B-A964-43D7-BDF7-C256D76A50D0}.Release|iPhoneSimulator.ActiveCfg = Release|iPhoneSimulator
		{3F082D0B-A964-43D7-BDF7-C256D76A50D0}.Release|iPhoneSimulator.Build.0 = Release|iPhoneSimulator
		{65FF8E19-6934-469B-B690-23C6D6E56A17}.Debug|Any CPU.ActiveCfg = Debug|iPhoneSimulator
		{65FF8E19-6934-469B-B690-23C6D6E56A17}.Debug|iPhone.ActiveCfg = Debug|iPhone
		{65FF8E19-6934-469B-B690-23C6D6E56A17}.Debug|iPhone.Build.0 = Debug|iPhone
		{65FF8E19-6934-469B-B690-23C6D6E56A17}.Debug|iPhoneSimulator.ActiveCfg = Debug|iPhoneSimulator
		{65FF8E19-6934-469B-B690-23C6D6E56A17}.Debug|iPhoneSimulator.Build.0 = Debug|iPhoneSimulator
		{65FF8E19-6934-469B-B690-23C6D6E56A17}.Release|Any CPU.ActiveCfg = Release|iPhone
		{65FF8E19-6934-469B-B690-23C6D6E56A17}.Release|iPhone.ActiveCfg = Release|iPhone
		{65FF8E19-6934-469B-B690-23C6D6E56A17}.Release|iPhone.Build.0 = Release|iPhone
		{65FF8E19-6934-469B-B690-23C6D6E56A17}.Release|iPhoneSimulator.ActiveCfg = Release|iPhoneSimulator
		{65FF8E19-6934-469B-B690-23C6D6E56A17}.Release|iPhoneSimulator.Build.0 = Release|iPhoneSimulator
		{7E408809-66AC-49D1-AF4D-98834F9B979A}.Debug|Any CPU.ActiveCfg = Debug|iPhoneSimulator
		{7E408809-66AC-49D1-AF4D-98834F9B979A}.Debug|iPhone.ActiveCfg = Debug|iPhone
		{7E408809-66AC-49D1-AF4D-98834F9B979A}.Debug|iPhone.Build.0 = Debug|iPhone
		{7E408809-66AC-49D1-AF4D-98834F9B979A}.Debug|iPhoneSimulator.ActiveCfg = Debug|iPhoneSimulator
		{7E408809-66AC-49D1-AF4D-98834F9B979A}.Debug|iPhoneSimulator.Build.0 = Debug|iPhoneSimulator
		{7E408809-66AC-49D1-AF4D-98834F9B979A}.Release|Any CPU.ActiveCfg = Release|iPhone
		{7E408809-66AC-49D1-AF4D-98834F9B979A}.Release|iPhone.ActiveCfg = Release|iPhone
		{7E408809-66AC-49D1-AF4D-98834F9B979A}.Release|iPhone.Build.0 = Release|iPhone
		{7E408809-66AC-49D1-AF4D-98834F9B979A}.Release|iPhoneSimulator.ActiveCfg = Release|iPhoneSimulator
		{7E408809-66AC-49D1-AF4D-98834F9B979A}.Release|iPhoneSimulator.Build.0 = Release|iPhoneSimulator
		{6653CA6F-DB06-4604-A3FD-762E25C2AF96}.Debug|Any CPU.ActiveCfg = Debug|iPhoneSimulator
		{6653CA6F-DB06-4604-A3FD-762E25C2AF96}.Debug|iPhone.ActiveCfg = Debug|iPhone
		{6653CA6F-DB06-4604-A3FD-762E25C2AF96}.Debug|iPhone.Build.0 = Debug|iPhone
		{6653CA6F-DB06-4604-A3FD-762E25C2AF96}.Debug|iPhoneSimulator.ActiveCfg = Debug|iPhoneSimulator
		{6653CA6F-DB06-4604-A3FD-762E25C2AF96}.Debug|iPhoneSimulator.Build.0 = Debug|iPhoneSimulator
		{6653CA6F-DB06-4604-A3FD-762E25C2AF96}.Release|Any CPU.ActiveCfg = Release|iPhone
		{6653CA6F-DB06-4604-A3FD-762E25C2AF96}.Release|iPhone.ActiveCfg = Release|iPhone
		{6653CA6F-DB06-4604-A3FD-762E25C2AF96}.Release|iPhone.Build.0 = Release|iPhone
		{6653CA6F-DB06-4604-A3FD-762E25C2AF96}.Release|iPhoneSimulator.ActiveCfg = Release|iPhoneSimulator
		{6653CA6F-DB06-4604-A3FD-762E25C2AF96}.Release|iPhoneSimulator.Build.0 = Release|iPhoneSimulator
		{39FD990E-B6CE-4B2A-999F-BC008CF2C64C}.Debug|Any CPU.ActiveCfg = Debug|iPhoneSimulator
		{39FD990E-B6CE-4B2A-999F-BC008CF2C64C}.Debug|iPhone.ActiveCfg = Debug|iPhone
		{39FD990E-B6CE-4B2A-999F-BC008CF2C64C}.Debug|iPhone.Build.0 = Debug|iPhone
		{39FD990E-B6CE-4B2A-999F-BC008CF2C64C}.Debug|iPhoneSimulator.ActiveCfg = Debug|iPhoneSimulator
		{39FD990E-B6CE-4B2A-999F-BC008CF2C64C}.Debug|iPhoneSimulator.Build.0 = Debug|iPhoneSimulator
		{39FD990E-B6CE-4B2A-999F-BC008CF2C64C}.Release|Any CPU.ActiveCfg = Release|iPhone
		{39FD990E-B6CE-4B2A-999F-BC008CF2C64C}.Release|iPhone.ActiveCfg = Release|iPhone
		{39FD990E-B6CE-4B2A-999F-BC008CF2C64C}.Release|iPhone.Build.0 = Release|iPhone
		{39FD990E-B6CE-4B2A-999F-BC008CF2C64C}.Release|iPhoneSimulator.ActiveCfg = Release|iPhoneSimulator
		{39FD990E-B6CE-4B2A-999F-BC008CF2C64C}.Release|iPhoneSimulator.Build.0 = Release|iPhoneSimulator
		{4004C7B7-1A62-43F1-9DF2-52450FA67E70}.Debug|Any CPU.ActiveCfg = Debug|iPhoneSimulator
		{4004C7B7-1A62-43F1-9DF2-52450FA67E70}.Debug|iPhone.ActiveCfg = Debug|iPhone
		{4004C7B7-1A62-43F1-9DF2-52450FA67E70}.Debug|iPhone.Build.0 = Debug|iPhone
		{4004C7B7-1A62-43F1-9DF2-52450FA67E70}.Debug|iPhoneSimulator.ActiveCfg = Debug|iPhoneSimulator
		{4004C7B7-1A62-43F1-9DF2-52450FA67E70}.Debug|iPhoneSimulator.Build.0 = Debug|iPhoneSimulator
		{4004C7B7-1A62-43F1-9DF2-52450FA67E70}.Release|Any CPU.ActiveCfg = Release|iPhone
		{4004C7B7-1A62-43F1-9DF2-52450FA67E70}.Release|iPhone.ActiveCfg = Release|iPhone
		{4004C7B7-1A62-43F1-9DF2-52450FA67E70}.Release|iPhone.Build.0 = Release|iPhone
		{4004C7B7-1A62-43F1-9DF2-52450FA67E70}.Release|iPhoneSimulator.ActiveCfg = Release|iPhoneSimulator
		{4004C7B7-1A62-43F1-9DF2-52450FA67E70}.Release|iPhoneSimulator.Build.0 = Release|iPhoneSimulator
		{943B1AE1-78EA-4ED7-9B0A-0D94C425C208}.Debug|Any CPU.ActiveCfg = Debug|Any CPU
		{943B1AE1-78EA-4ED7-9B0A-0D94C425C208}.Debug|Any CPU.Build.0 = Debug|Any CPU
		{943B1AE1-78EA-4ED7-9B0A-0D94C425C208}.Debug|iPhone.ActiveCfg = Debug|Any CPU
		{943B1AE1-78EA-4ED7-9B0A-0D94C425C208}.Debug|iPhone.Build.0 = Debug|Any CPU
		{943B1AE1-78EA-4ED7-9B0A-0D94C425C208}.Debug|iPhoneSimulator.ActiveCfg = Debug|Any CPU
		{943B1AE1-78EA-4ED7-9B0A-0D94C425C208}.Debug|iPhoneSimulator.Build.0 = Debug|Any CPU
		{943B1AE1-78EA-4ED7-9B0A-0D94C425C208}.Release|Any CPU.ActiveCfg = Release|Any CPU
		{943B1AE1-78EA-4ED7-9B0A-0D94C425C208}.Release|Any CPU.Build.0 = Release|Any CPU
		{943B1AE1-78EA-4ED7-9B0A-0D94C425C208}.Release|iPhone.ActiveCfg = Release|Any CPU
		{943B1AE1-78EA-4ED7-9B0A-0D94C425C208}.Release|iPhone.Build.0 = Release|Any CPU
		{943B1AE1-78EA-4ED7-9B0A-0D94C425C208}.Release|iPhoneSimulator.ActiveCfg = Release|Any CPU
		{943B1AE1-78EA-4ED7-9B0A-0D94C425C208}.Release|iPhoneSimulator.Build.0 = Release|Any CPU
		{7683D911-933F-4AE8-8E24-B545FD8AF944}.Debug|Any CPU.ActiveCfg = Debug|Any CPU
		{7683D911-933F-4AE8-8E24-B545FD8AF944}.Debug|Any CPU.Build.0 = Debug|Any CPU
		{7683D911-933F-4AE8-8E24-B545FD8AF944}.Debug|iPhone.ActiveCfg = Debug|Any CPU
		{7683D911-933F-4AE8-8E24-B545FD8AF944}.Debug|iPhone.Build.0 = Debug|Any CPU
		{7683D911-933F-4AE8-8E24-B545FD8AF944}.Debug|iPhoneSimulator.ActiveCfg = Debug|Any CPU
		{7683D911-933F-4AE8-8E24-B545FD8AF944}.Debug|iPhoneSimulator.Build.0 = Debug|Any CPU
		{7683D911-933F-4AE8-8E24-B545FD8AF944}.Release|Any CPU.ActiveCfg = Release|Any CPU
		{7683D911-933F-4AE8-8E24-B545FD8AF944}.Release|Any CPU.Build.0 = Release|Any CPU
		{7683D911-933F-4AE8-8E24-B545FD8AF944}.Release|iPhone.ActiveCfg = Release|Any CPU
		{7683D911-933F-4AE8-8E24-B545FD8AF944}.Release|iPhone.Build.0 = Release|Any CPU
		{7683D911-933F-4AE8-8E24-B545FD8AF944}.Release|iPhoneSimulator.ActiveCfg = Release|Any CPU
		{7683D911-933F-4AE8-8E24-B545FD8AF944}.Release|iPhoneSimulator.Build.0 = Release|Any CPU
		{904D5F33-E036-448B-8B6B-D880A3C11B3B}.Debug|Any CPU.ActiveCfg = Debug|Any CPU
		{904D5F33-E036-448B-8B6B-D880A3C11B3B}.Debug|Any CPU.Build.0 = Debug|Any CPU
		{904D5F33-E036-448B-8B6B-D880A3C11B3B}.Debug|iPhone.ActiveCfg = Debug|Any CPU
		{904D5F33-E036-448B-8B6B-D880A3C11B3B}.Debug|iPhone.Build.0 = Debug|Any CPU
		{904D5F33-E036-448B-8B6B-D880A3C11B3B}.Debug|iPhoneSimulator.ActiveCfg = Debug|Any CPU
		{904D5F33-E036-448B-8B6B-D880A3C11B3B}.Debug|iPhoneSimulator.Build.0 = Debug|Any CPU
		{904D5F33-E036-448B-8B6B-D880A3C11B3B}.Release|Any CPU.ActiveCfg = Release|Any CPU
		{904D5F33-E036-448B-8B6B-D880A3C11B3B}.Release|Any CPU.Build.0 = Release|Any CPU
		{904D5F33-E036-448B-8B6B-D880A3C11B3B}.Release|iPhone.ActiveCfg = Release|Any CPU
		{904D5F33-E036-448B-8B6B-D880A3C11B3B}.Release|iPhone.Build.0 = Release|Any CPU
		{904D5F33-E036-448B-8B6B-D880A3C11B3B}.Release|iPhoneSimulator.ActiveCfg = Release|Any CPU
		{904D5F33-E036-448B-8B6B-D880A3C11B3B}.Release|iPhoneSimulator.Build.0 = Release|Any CPU
		{D07A53E6-D22B-42B1-B21E-BB3E07388829}.Debug|Any CPU.ActiveCfg = Debug|Any CPU
		{D07A53E6-D22B-42B1-B21E-BB3E07388829}.Debug|Any CPU.Build.0 = Debug|Any CPU
		{D07A53E6-D22B-42B1-B21E-BB3E07388829}.Debug|iPhone.ActiveCfg = Debug|Any CPU
		{D07A53E6-D22B-42B1-B21E-BB3E07388829}.Debug|iPhone.Build.0 = Debug|Any CPU
		{D07A53E6-D22B-42B1-B21E-BB3E07388829}.Debug|iPhoneSimulator.ActiveCfg = Debug|Any CPU
		{D07A53E6-D22B-42B1-B21E-BB3E07388829}.Debug|iPhoneSimulator.Build.0 = Debug|Any CPU
		{D07A53E6-D22B-42B1-B21E-BB3E07388829}.Release|Any CPU.ActiveCfg = Release|Any CPU
		{D07A53E6-D22B-42B1-B21E-BB3E07388829}.Release|Any CPU.Build.0 = Release|Any CPU
		{D07A53E6-D22B-42B1-B21E-BB3E07388829}.Release|iPhone.ActiveCfg = Release|Any CPU
		{D07A53E6-D22B-42B1-B21E-BB3E07388829}.Release|iPhone.Build.0 = Release|Any CPU
		{D07A53E6-D22B-42B1-B21E-BB3E07388829}.Release|iPhoneSimulator.ActiveCfg = Release|Any CPU
		{D07A53E6-D22B-42B1-B21E-BB3E07388829}.Release|iPhoneSimulator.Build.0 = Release|Any CPU
		{87505540-1A3B-4483-B5AC-A95E0E920147}.Debug|Any CPU.ActiveCfg = Debug|Any CPU
		{87505540-1A3B-4483-B5AC-A95E0E920147}.Debug|Any CPU.Build.0 = Debug|Any CPU
		{87505540-1A3B-4483-B5AC-A95E0E920147}.Debug|iPhone.ActiveCfg = Debug|Any CPU
		{87505540-1A3B-4483-B5AC-A95E0E920147}.Debug|iPhone.Build.0 = Debug|Any CPU
		{87505540-1A3B-4483-B5AC-A95E0E920147}.Debug|iPhoneSimulator.ActiveCfg = Debug|Any CPU
		{87505540-1A3B-4483-B5AC-A95E0E920147}.Debug|iPhoneSimulator.Build.0 = Debug|Any CPU
		{87505540-1A3B-4483-B5AC-A95E0E920147}.Release|Any CPU.ActiveCfg = Release|Any CPU
		{87505540-1A3B-4483-B5AC-A95E0E920147}.Release|Any CPU.Build.0 = Release|Any CPU
		{87505540-1A3B-4483-B5AC-A95E0E920147}.Release|iPhone.ActiveCfg = Release|Any CPU
		{87505540-1A3B-4483-B5AC-A95E0E920147}.Release|iPhone.Build.0 = Release|Any CPU
		{87505540-1A3B-4483-B5AC-A95E0E920147}.Release|iPhoneSimulator.ActiveCfg = Release|Any CPU
		{87505540-1A3B-4483-B5AC-A95E0E920147}.Release|iPhoneSimulator.Build.0 = Release|Any CPU
		{C76BF5B3-985E-4D39-95FE-97C9C879B83A}.Debug|Any CPU.ActiveCfg = Debug|Any CPU
		{C76BF5B3-985E-4D39-95FE-97C9C879B83A}.Debug|iPhone.ActiveCfg = Debug|Any CPU
		{C76BF5B3-985E-4D39-95FE-97C9C879B83A}.Debug|iPhone.Build.0 = Debug|Any CPU
		{C76BF5B3-985E-4D39-95FE-97C9C879B83A}.Debug|iPhoneSimulator.ActiveCfg = Debug|Any CPU
		{C76BF5B3-985E-4D39-95FE-97C9C879B83A}.Debug|iPhoneSimulator.Build.0 = Debug|Any CPU
		{C76BF5B3-985E-4D39-95FE-97C9C879B83A}.Release|Any CPU.ActiveCfg = Release|Any CPU
		{C76BF5B3-985E-4D39-95FE-97C9C879B83A}.Release|Any CPU.Build.0 = Release|Any CPU
		{C76BF5B3-985E-4D39-95FE-97C9C879B83A}.Release|iPhone.ActiveCfg = Release|Any CPU
		{C76BF5B3-985E-4D39-95FE-97C9C879B83A}.Release|iPhone.Build.0 = Release|Any CPU
		{C76BF5B3-985E-4D39-95FE-97C9C879B83A}.Release|iPhoneSimulator.ActiveCfg = Release|Any CPU
		{C76BF5B3-985E-4D39-95FE-97C9C879B83A}.Release|iPhoneSimulator.Build.0 = Release|Any CPU
		{E3882853-43D1-4603-AD33-D9D59C8A8692}.Debug|Any CPU.ActiveCfg = Debug|Any CPU
		{E3882853-43D1-4603-AD33-D9D59C8A8692}.Debug|iPhone.ActiveCfg = Debug|Any CPU
		{E3882853-43D1-4603-AD33-D9D59C8A8692}.Debug|iPhone.Build.0 = Debug|Any CPU
		{E3882853-43D1-4603-AD33-D9D59C8A8692}.Debug|iPhoneSimulator.ActiveCfg = Debug|Any CPU
		{E3882853-43D1-4603-AD33-D9D59C8A8692}.Debug|iPhoneSimulator.Build.0 = Debug|Any CPU
		{E3882853-43D1-4603-AD33-D9D59C8A8692}.Release|Any CPU.ActiveCfg = Release|Any CPU
		{E3882853-43D1-4603-AD33-D9D59C8A8692}.Release|Any CPU.Build.0 = Release|Any CPU
		{E3882853-43D1-4603-AD33-D9D59C8A8692}.Release|iPhone.ActiveCfg = Release|Any CPU
		{E3882853-43D1-4603-AD33-D9D59C8A8692}.Release|iPhone.Build.0 = Release|Any CPU
		{E3882853-43D1-4603-AD33-D9D59C8A8692}.Release|iPhoneSimulator.ActiveCfg = Release|Any CPU
		{E3882853-43D1-4603-AD33-D9D59C8A8692}.Release|iPhoneSimulator.Build.0 = Release|Any CPU
		{BBC0D18F-8595-43A6-AE61-5BF36A072CCE}.Debug|Any CPU.ActiveCfg = Debug|Any CPU
		{BBC0D18F-8595-43A6-AE61-5BF36A072CCE}.Debug|iPhone.ActiveCfg = Debug|Any CPU
		{BBC0D18F-8595-43A6-AE61-5BF36A072CCE}.Debug|iPhone.Build.0 = Debug|Any CPU
		{BBC0D18F-8595-43A6-AE61-5BF36A072CCE}.Debug|iPhoneSimulator.ActiveCfg = Debug|Any CPU
		{BBC0D18F-8595-43A6-AE61-5BF36A072CCE}.Debug|iPhoneSimulator.Build.0 = Debug|Any CPU
		{BBC0D18F-8595-43A6-AE61-5BF36A072CCE}.Release|Any CPU.ActiveCfg = Release|Any CPU
		{BBC0D18F-8595-43A6-AE61-5BF36A072CCE}.Release|Any CPU.Build.0 = Release|Any CPU
		{BBC0D18F-8595-43A6-AE61-5BF36A072CCE}.Release|iPhone.ActiveCfg = Release|Any CPU
		{BBC0D18F-8595-43A6-AE61-5BF36A072CCE}.Release|iPhone.Build.0 = Release|Any CPU
		{BBC0D18F-8595-43A6-AE61-5BF36A072CCE}.Release|iPhoneSimulator.ActiveCfg = Release|Any CPU
		{BBC0D18F-8595-43A6-AE61-5BF36A072CCE}.Release|iPhoneSimulator.Build.0 = Release|Any CPU
		{529D5E2E-774A-4831-9C9E-59E3E8DFF155}.Debug|Any CPU.ActiveCfg = Debug|iPhoneSimulator
		{529D5E2E-774A-4831-9C9E-59E3E8DFF155}.Debug|iPhone.ActiveCfg = Debug|iPhone
		{529D5E2E-774A-4831-9C9E-59E3E8DFF155}.Debug|iPhone.Build.0 = Debug|iPhone
		{529D5E2E-774A-4831-9C9E-59E3E8DFF155}.Debug|iPhoneSimulator.ActiveCfg = Debug|iPhoneSimulator
		{529D5E2E-774A-4831-9C9E-59E3E8DFF155}.Debug|iPhoneSimulator.Build.0 = Debug|iPhoneSimulator
		{529D5E2E-774A-4831-9C9E-59E3E8DFF155}.Release|Any CPU.ActiveCfg = Release|iPhoneSimulator
		{529D5E2E-774A-4831-9C9E-59E3E8DFF155}.Release|iPhone.ActiveCfg = Release|iPhone
		{529D5E2E-774A-4831-9C9E-59E3E8DFF155}.Release|iPhone.Build.0 = Release|iPhone
		{529D5E2E-774A-4831-9C9E-59E3E8DFF155}.Release|iPhoneSimulator.ActiveCfg = Release|iPhoneSimulator
		{529D5E2E-774A-4831-9C9E-59E3E8DFF155}.Release|iPhoneSimulator.Build.0 = Release|iPhoneSimulator
		{D972753E-45FC-4B82-B017-34BDE485F1BB}.Debug|Any CPU.ActiveCfg = Debug|iPhoneSimulator
		{D972753E-45FC-4B82-B017-34BDE485F1BB}.Debug|iPhone.ActiveCfg = Debug|iPhone
		{D972753E-45FC-4B82-B017-34BDE485F1BB}.Debug|iPhone.Build.0 = Debug|iPhone
		{D972753E-45FC-4B82-B017-34BDE485F1BB}.Debug|iPhoneSimulator.ActiveCfg = Debug|iPhoneSimulator
		{D972753E-45FC-4B82-B017-34BDE485F1BB}.Debug|iPhoneSimulator.Build.0 = Debug|iPhoneSimulator
		{D972753E-45FC-4B82-B017-34BDE485F1BB}.Release|Any CPU.ActiveCfg = Release|iPhoneSimulator
		{D972753E-45FC-4B82-B017-34BDE485F1BB}.Release|iPhone.ActiveCfg = Release|iPhone
		{D972753E-45FC-4B82-B017-34BDE485F1BB}.Release|iPhone.Build.0 = Release|iPhone
		{D972753E-45FC-4B82-B017-34BDE485F1BB}.Release|iPhoneSimulator.ActiveCfg = Release|iPhoneSimulator
		{D972753E-45FC-4B82-B017-34BDE485F1BB}.Release|iPhoneSimulator.Build.0 = Release|iPhoneSimulator
		{C2562AFA-04B2-40D9-BFDB-6BA2573997A1}.Debug|Any CPU.ActiveCfg = Debug|Any CPU
		{C2562AFA-04B2-40D9-BFDB-6BA2573997A1}.Debug|Any CPU.Build.0 = Debug|Any CPU
		{C2562AFA-04B2-40D9-BFDB-6BA2573997A1}.Debug|iPhone.ActiveCfg = Debug|Any CPU
		{C2562AFA-04B2-40D9-BFDB-6BA2573997A1}.Debug|iPhone.Build.0 = Debug|Any CPU
		{C2562AFA-04B2-40D9-BFDB-6BA2573997A1}.Debug|iPhoneSimulator.ActiveCfg = Debug|Any CPU
		{C2562AFA-04B2-40D9-BFDB-6BA2573997A1}.Debug|iPhoneSimulator.Build.0 = Debug|Any CPU
		{C2562AFA-04B2-40D9-BFDB-6BA2573997A1}.Release|Any CPU.ActiveCfg = Release|Any CPU
		{C2562AFA-04B2-40D9-BFDB-6BA2573997A1}.Release|Any CPU.Build.0 = Release|Any CPU
		{C2562AFA-04B2-40D9-BFDB-6BA2573997A1}.Release|iPhone.ActiveCfg = Release|Any CPU
		{C2562AFA-04B2-40D9-BFDB-6BA2573997A1}.Release|iPhone.Build.0 = Release|Any CPU
		{C2562AFA-04B2-40D9-BFDB-6BA2573997A1}.Release|iPhoneSimulator.ActiveCfg = Release|Any CPU
		{C2562AFA-04B2-40D9-BFDB-6BA2573997A1}.Release|iPhoneSimulator.Build.0 = Release|Any CPU
		{D3D5DF2B-44BD-45F8-84AA-75FDA47F42D3}.Debug|Any CPU.ActiveCfg = Debug|Any CPU
		{D3D5DF2B-44BD-45F8-84AA-75FDA47F42D3}.Debug|Any CPU.Build.0 = Debug|Any CPU
		{D3D5DF2B-44BD-45F8-84AA-75FDA47F42D3}.Debug|iPhone.ActiveCfg = Debug|Any CPU
		{D3D5DF2B-44BD-45F8-84AA-75FDA47F42D3}.Debug|iPhone.Build.0 = Debug|Any CPU
		{D3D5DF2B-44BD-45F8-84AA-75FDA47F42D3}.Debug|iPhoneSimulator.ActiveCfg = Debug|Any CPU
		{D3D5DF2B-44BD-45F8-84AA-75FDA47F42D3}.Debug|iPhoneSimulator.Build.0 = Debug|Any CPU
		{D3D5DF2B-44BD-45F8-84AA-75FDA47F42D3}.Release|Any CPU.ActiveCfg = Release|Any CPU
		{D3D5DF2B-44BD-45F8-84AA-75FDA47F42D3}.Release|Any CPU.Build.0 = Release|Any CPU
		{D3D5DF2B-44BD-45F8-84AA-75FDA47F42D3}.Release|iPhone.ActiveCfg = Release|Any CPU
		{D3D5DF2B-44BD-45F8-84AA-75FDA47F42D3}.Release|iPhone.Build.0 = Release|Any CPU
		{D3D5DF2B-44BD-45F8-84AA-75FDA47F42D3}.Release|iPhoneSimulator.ActiveCfg = Release|Any CPU
		{D3D5DF2B-44BD-45F8-84AA-75FDA47F42D3}.Release|iPhoneSimulator.Build.0 = Release|Any CPU
		{DCE46A41-F58D-414F-BF28-6C58B15432CC}.Debug|Any CPU.ActiveCfg = Debug|Any CPU
		{DCE46A41-F58D-414F-BF28-6C58B15432CC}.Debug|Any CPU.Build.0 = Debug|Any CPU
		{DCE46A41-F58D-414F-BF28-6C58B15432CC}.Debug|iPhone.ActiveCfg = Debug|Any CPU
		{DCE46A41-F58D-414F-BF28-6C58B15432CC}.Debug|iPhone.Build.0 = Debug|Any CPU
		{DCE46A41-F58D-414F-BF28-6C58B15432CC}.Debug|iPhoneSimulator.ActiveCfg = Debug|Any CPU
		{DCE46A41-F58D-414F-BF28-6C58B15432CC}.Debug|iPhoneSimulator.Build.0 = Debug|Any CPU
		{DCE46A41-F58D-414F-BF28-6C58B15432CC}.Release|Any CPU.ActiveCfg = Release|Any CPU
		{DCE46A41-F58D-414F-BF28-6C58B15432CC}.Release|Any CPU.Build.0 = Release|Any CPU
		{DCE46A41-F58D-414F-BF28-6C58B15432CC}.Release|iPhone.ActiveCfg = Release|Any CPU
		{DCE46A41-F58D-414F-BF28-6C58B15432CC}.Release|iPhone.Build.0 = Release|Any CPU
		{DCE46A41-F58D-414F-BF28-6C58B15432CC}.Release|iPhoneSimulator.ActiveCfg = Release|Any CPU
		{DCE46A41-F58D-414F-BF28-6C58B15432CC}.Release|iPhoneSimulator.Build.0 = Release|Any CPU
		{6C9223C5-D801-48E4-B2AE-11D0668AF899}.Debug|Any CPU.ActiveCfg = Debug|Any CPU
		{6C9223C5-D801-48E4-B2AE-11D0668AF899}.Debug|Any CPU.Build.0 = Debug|Any CPU
		{6C9223C5-D801-48E4-B2AE-11D0668AF899}.Debug|iPhone.ActiveCfg = Debug|Any CPU
		{6C9223C5-D801-48E4-B2AE-11D0668AF899}.Debug|iPhone.Build.0 = Debug|Any CPU
		{6C9223C5-D801-48E4-B2AE-11D0668AF899}.Debug|iPhoneSimulator.ActiveCfg = Debug|Any CPU
		{6C9223C5-D801-48E4-B2AE-11D0668AF899}.Debug|iPhoneSimulator.Build.0 = Debug|Any CPU
		{6C9223C5-D801-48E4-B2AE-11D0668AF899}.Release|Any CPU.ActiveCfg = Release|Any CPU
		{6C9223C5-D801-48E4-B2AE-11D0668AF899}.Release|Any CPU.Build.0 = Release|Any CPU
		{6C9223C5-D801-48E4-B2AE-11D0668AF899}.Release|iPhone.ActiveCfg = Release|Any CPU
		{6C9223C5-D801-48E4-B2AE-11D0668AF899}.Release|iPhone.Build.0 = Release|Any CPU
		{6C9223C5-D801-48E4-B2AE-11D0668AF899}.Release|iPhoneSimulator.ActiveCfg = Release|Any CPU
		{6C9223C5-D801-48E4-B2AE-11D0668AF899}.Release|iPhoneSimulator.Build.0 = Release|Any CPU
	EndGlobalSection
	GlobalSection(SolutionProperties) = preSolution
		HideSolutionNode = FALSE
	EndGlobalSection
	GlobalSection(NestedProjects) = preSolution
		{C92A607B-1FDD-4954-9F92-03FF547D9080} = {8924FF5D-AD6A-4884-8620-07923A226064}
		{58F6C80C-1253-4A0E-A465-B8C85EBEADF3} = {8924FF5D-AD6A-4884-8620-07923A226064}
		{F167E17A-7DE6-4AF5-B920-A5112296C695} = {8924FF5D-AD6A-4884-8620-07923A226064}
		{48F4582B-7687-4621-9CBE-5C24197CB536} = {8924FF5D-AD6A-4884-8620-07923A226064}
		{7E408809-66AC-49D1-AF4D-98834F9B979A} = {AEF99214-224F-4A09-BAFA-675B93DF6D03}
		{6653CA6F-DB06-4604-A3FD-762E25C2AF96} = {AEF99214-224F-4A09-BAFA-675B93DF6D03}
		{39FD990E-B6CE-4B2A-999F-BC008CF2C64C} = {AEF99214-224F-4A09-BAFA-675B93DF6D03}
		{4004C7B7-1A62-43F1-9DF2-52450FA67E70} = {AEF99214-224F-4A09-BAFA-675B93DF6D03}
		{54420B98-340E-4C6B-BFA2-91185634D5C4} = {DB351E79-1B67-4454-AB7D-CF2D5B544836}
		{AEF99214-224F-4A09-BAFA-675B93DF6D03} = {8924FF5D-AD6A-4884-8620-07923A226064}
		{943B1AE1-78EA-4ED7-9B0A-0D94C425C208} = {1B9C93E1-FF5A-4015-BF19-B4702269A11D}
		{7683D911-933F-4AE8-8E24-B545FD8AF944} = {1B9C93E1-FF5A-4015-BF19-B4702269A11D}
		{904D5F33-E036-448B-8B6B-D880A3C11B3B} = {1B9C93E1-FF5A-4015-BF19-B4702269A11D}
		{D07A53E6-D22B-42B1-B21E-BB3E07388829} = {1B9C93E1-FF5A-4015-BF19-B4702269A11D}
		{87505540-1A3B-4483-B5AC-A95E0E920147} = {1B9C93E1-FF5A-4015-BF19-B4702269A11D}
		{C76BF5B3-985E-4D39-95FE-97C9C879B83A} = {54420B98-340E-4C6B-BFA2-91185634D5C4}
		{E3882853-43D1-4603-AD33-D9D59C8A8692} = {54420B98-340E-4C6B-BFA2-91185634D5C4}
		{BBC0D18F-8595-43A6-AE61-5BF36A072CCE} = {54420B98-340E-4C6B-BFA2-91185634D5C4}
		{529D5E2E-774A-4831-9C9E-59E3E8DFF155} = {54420B98-340E-4C6B-BFA2-91185634D5C4}
		{D972753E-45FC-4B82-B017-34BDE485F1BB} = {54420B98-340E-4C6B-BFA2-91185634D5C4}
		{C2562AFA-04B2-40D9-BFDB-6BA2573997A1} = {54420B98-340E-4C6B-BFA2-91185634D5C4}
		{D3D5DF2B-44BD-45F8-84AA-75FDA47F42D3} = {DB351E79-1B67-4454-AB7D-CF2D5B544836}
		{DCE46A41-F58D-414F-BF28-6C58B15432CC} = {DB351E79-1B67-4454-AB7D-CF2D5B544836}
		{6C9223C5-D801-48E4-B2AE-11D0668AF899} = {8924FF5D-AD6A-4884-8620-07923A226064}
	EndGlobalSection
	GlobalSection(ExtensibilityGlobals) = postSolution
		SolutionGuid = {671B0BEC-2403-45B0-9357-2C97CC517668}
	EndGlobalSection
	GlobalSection(MonoDevelopProperties) = preSolution
		Policies = $0
		$0.TextStylePolicy = $1
		$1.EolMarker = Windows
		$1.scope = text/x-csharp
		$1.FileWidth = 80
		$1.TabsToSpaces = True
		$0.CSharpFormattingPolicy = $2
		$2.scope = text/x-csharp
	EndGlobalSection
EndGlobal
